<?xml version="1.0" encoding="utf-8"?>
<Project ToolsVersion="4.0" xmlns="http://schemas.microsoft.com/developer/msbuild/2003">
  <ItemGroup>
    <Filter Include="Resources">
      <UniqueIdentifier>{8d2fe950-6bd3-4c41-8d76-0f66eaab3a85}</UniqueIdentifier>
    </Filter>
    <Filter Include="MenuGUI">
      <UniqueIdentifier>{bd87545d-f115-4a0b-b488-5cc2f8e46fa3}</UniqueIdentifier>
    </Filter>
    <Filter Include="D3DCommon">
      <UniqueIdentifier>{adcace34-1a83-4fc0-97d0-78e4af23a231}</UniqueIdentifier>
    </Filter>
    <Filter Include="GameSources">
      <UniqueIdentifier>{480b6d1c-2e8f-4cd8-9204-fcd25a1ffe64}</UniqueIdentifier>
    </Filter>
    <Filter Include="FBX">
      <UniqueIdentifier>{6d84734f-6a87-47d6-87ca-b78cb192f343}</UniqueIdentifier>
    </Filter>
    <Filter Include="AI_Path">
      <UniqueIdentifier>{884fbc6b-744a-4b05-bf96-053bc8f34b04}</UniqueIdentifier>
    </Filter>
    <Filter Include="SkyBox">
      <UniqueIdentifier>{30b2be24-1eeb-465f-aab6-bcf4c3ff282e}</UniqueIdentifier>
    </Filter>
    <Filter Include="Shader">
      <UniqueIdentifier>{a71977e3-4275-4b74-934a-db886d62fb96}</UniqueIdentifier>
    </Filter>
    <Filter Include="Terrain">
      <UniqueIdentifier>{c57e668b-e745-474d-9f8d-3da2208df9fa}</UniqueIdentifier>
    </Filter>
    <Filter Include="UIData">
      <UniqueIdentifier>{d6fd326a-93e6-4b4e-8084-a8973e0bf2b2}</UniqueIdentifier>
    </Filter>
    <Filter Include="ShadowMap">
      <UniqueIdentifier>{b201755a-4c02-4e76-98c3-be9b9f818701}</UniqueIdentifier>
    </Filter>
    <Filter Include="ParticleSystem">
      <UniqueIdentifier>{df793dd6-4584-4743-900b-66ff6057eca1}</UniqueIdentifier>
    </Filter>
    <Filter Include="SenceManager">
      <UniqueIdentifier>{2f61da47-12ee-4925-be6f-7a6350bd2549}</UniqueIdentifier>
    </Filter>
    <Filter Include="Water">
      <UniqueIdentifier>{f78ffaa1-fea9-46e4-8f38-f2c11cd111f3}</UniqueIdentifier>
    </Filter>
  </ItemGroup>
  <ItemGroup>
    <ResourceCompile Include="resources.rc">
      <Filter>Resources</Filter>
    </ResourceCompile>
    <None Include="Noesis.ico">
      <Filter>Resources</Filter>
    </None>
    <CustomBuild Include="..\..\Data\App.xaml">
      <Filter>UIData</Filter>
    </CustomBuild>
    <CustomBuild Include="..\..\Data\MainWindow.xaml">
      <Filter>UIData</Filter>
    </CustomBuild>
    <CustomBuild Include="..\..\Data\MenuResources.xaml">
      <Filter>UIData</Filter>
    </CustomBuild>
    <CustomBuild Include="..\..\Data\MenuDescription.xaml">
      <Filter>UIData</Filter>
    </CustomBuild>
    <CustomBuild Include="..\..\Data\MainMenu.xaml">
      <Filter>UIData</Filter>
    </CustomBuild>
    <CustomBuild Include="..\..\Data\StartMenu.xaml">
      <Filter>UIData</Filter>
    </CustomBuild>
    <CustomBuild Include="..\..\Data\SettingsMenu.xaml">
      <Filter>UIData</Filter>
    </CustomBuild>
    <CustomBuild Include="..\..\Data\OptionSelector.xaml">
      <Filter>UIData</Filter>
    </CustomBuild>
    <CustomBuild Include="..\..\Data\Images\BackClouds.png">
      <Filter>UIData</Filter>
    </CustomBuild>
    <CustomBuild Include="..\..\Data\Images\FrontClouds.png">
      <Filter>UIData</Filter>
    </CustomBuild>
    <CustomBuild Include="..\..\Data\Images\FrontTrees.png">
      <Filter>UIData</Filter>
    </CustomBuild>
    <CustomBuild Include="..\..\Data\Images\LakeAndMountains.png">
      <Filter>UIData</Filter>
    </CustomBuild>
    <CustomBuild Include="..\..\Data\Images\SkyAndSun.jpg">
      <Filter>UIData</Filter>
    </CustomBuild>
    <CustomBuild Include="..\..\Data\Fonts\weblysleekuisb.ttf">
      <Filter>UIData</Filter>
    </CustomBuild>
    <CustomBuild Include="..\..\Data\Fonts\weblysleekuisl.ttf">
      <Filter>UIData</Filter>
    </CustomBuild>
    <CustomBuild Include="..\..\Data\Sounds\SoundTrack.mp3">
      <Filter>UIData</Filter>
    </CustomBuild>
    <CustomBuild Include="..\..\Data\Sounds\WaterDropBig.mp3">
      <Filter>UIData</Filter>
    </CustomBuild>
    <CustomBuild Include="..\..\Data\Sounds\WaterDropSmall.mp3">
      <Filter>UIData</Filter>
    </CustomBuild>
  </ItemGroup>
  <ItemGroup>
    <ClInclude Include="..\..\D3DCommon\Camera.h">
      <Filter>D3DCommon</Filter>
    </ClInclude>
    <ClInclude Include="..\..\D3DCommon\d3dApp.h">
      <Filter>D3DCommon</Filter>
    </ClInclude>
    <ClInclude Include="..\..\D3DCommon\d3dUtil.h">
      <Filter>D3DCommon</Filter>
    </ClInclude>
    <ClInclude Include="..\..\D3DCommon\d3dx11effect.h">
      <Filter>D3DCommon</Filter>
    </ClInclude>
    <ClInclude Include="..\..\D3DCommon\DDSTextureLoader.h">
      <Filter>D3DCommon</Filter>
    </ClInclude>
    <ClInclude Include="..\..\D3DCommon\dxerr.h">
      <Filter>D3DCommon</Filter>
    </ClInclude>
    <ClInclude Include="..\..\D3DCommon\GameTimer.h">
      <Filter>D3DCommon</Filter>
    </ClInclude>
    <ClInclude Include="..\..\D3DCommon\GeometryGenerator.h">
      <Filter>D3DCommon</Filter>
    </ClInclude>
    <ClInclude Include="..\..\D3DCommon\LightHelper.h">
      <Filter>D3DCommon</Filter>
    </ClInclude>
    <ClInclude Include="..\..\D3DCommon\MathHelper.h">
      <Filter>D3DCommon</Filter>
    </ClInclude>
    <ClInclude Include="..\..\D3DCommon\RenderStates.h">
      <Filter>D3DCommon</Filter>
    </ClInclude>
    <ClInclude Include="..\..\D3DCommon\ShaderCompiler.h">
      <Filter>D3DCommon</Filter>
    </ClInclude>
    <ClInclude Include="..\..\D3DCommon\TextureMgr.h">
      <Filter>D3DCommon</Filter>
    </ClInclude>
    <ClInclude Include="..\..\D3DCommon\Vertex.h">
      <Filter>D3DCommon</Filter>
    </ClInclude>
    <ClInclude Include="..\..\D3DCommon\Waves.h">
      <Filter>D3DCommon</Filter>
    </ClInclude>
    <ClInclude Include="..\..\MenuGUI\app.h">
      <Filter>MenuGUI</Filter>
    </ClInclude>
    <ClInclude Include="..\..\MenuGUI\App.xaml.h">
      <Filter>MenuGUI</Filter>
    </ClInclude>
    <ClInclude Include="..\..\MenuGUI\MainMenu.xaml.h">
      <Filter>MenuGUI</Filter>
    </ClInclude>
    <ClInclude Include="..\..\MenuGUI\MainWindow.xaml.h">
      <Filter>MenuGUI</Filter>
    </ClInclude>
    <ClInclude Include="..\..\MenuGUI\MenuDescription.xaml.h">
      <Filter>MenuGUI</Filter>
    </ClInclude>
    <ClInclude Include="..\..\MenuGUI\MultiplierConverter.h">
      <Filter>MenuGUI</Filter>
    </ClInclude>
    <ClInclude Include="..\..\MenuGUI\OptionSelector.xaml.h">
      <Filter>MenuGUI</Filter>
    </ClInclude>
    <ClInclude Include="..\..\MenuGUI\SettingsMenu.xaml.h">
      <Filter>MenuGUI</Filter>
    </ClInclude>
    <ClInclude Include="..\..\MenuGUI\StartMenu.xaml.h">
      <Filter>MenuGUI</Filter>
    </ClInclude>
    <ClInclude Include="..\..\MenuGUI\ViewModel.h">
      <Filter>MenuGUI</Filter>
    </ClInclude>
    <ClInclude Include="..\..\FBX\SoArray.h">
      <Filter>FBX</Filter>
    </ClInclude>
    <ClInclude Include="..\..\FBX\SoArrayUID.h">
      <Filter>FBX</Filter>
    </ClInclude>
    <ClInclude Include="..\..\FBX\SoBitFlag.h">
      <Filter>FBX</Filter>
    </ClInclude>
    <ClInclude Include="..\..\FBX\SoCmdLineHelp.h">
      <Filter>FBX</Filter>
    </ClInclude>
    <ClInclude Include="..\..\FBX\SoD3DLogicFlowHelp.h">
      <Filter>FBX</Filter>
    </ClInclude>
    <ClInclude Include="..\..\FBX\SoD3DModelBase.h">
      <Filter>FBX</Filter>
    </ClInclude>
    <ClInclude Include="..\..\FBX\SoD3DModelFbx.h">
      <Filter>FBX</Filter>
    </ClInclude>
    <ClInclude Include="..\..\FBX\SoD3DModelKK.h">
      <Filter>FBX</Filter>
    </ClInclude>
    <ClInclude Include="..\..\FBX\SoD3DModelManager.h">
      <Filter>FBX</Filter>
    </ClInclude>
    <ClInclude Include="..\..\FBX\SoD3DShaderBase.h">
      <Filter>FBX</Filter>
    </ClInclude>
    <ClInclude Include="..\..\FBX\SoD3DShaderManager.h">
      <Filter>FBX</Filter>
    </ClInclude>
    <ClInclude Include="..\..\FBX\SoD3DShaderModelFbx.h">
      <Filter>FBX</Filter>
    </ClInclude>
    <ClInclude Include="..\..\FBX\SoD3DShaderModelKK.h">
      <Filter>FBX</Filter>
    </ClInclude>
    <ClInclude Include="..\..\FBX\SoD3DShaderModelKKNoBone.h">
      <Filter>FBX</Filter>
    </ClInclude>
    <ClInclude Include="..\..\FBX\SoD3DTexture.h">
      <Filter>FBX</Filter>
    </ClInclude>
    <ClInclude Include="..\..\FBX\SoD3DTextureManager.h">
      <Filter>FBX</Filter>
    </ClInclude>
    <ClInclude Include="..\..\FBX\SoIntType.h">
      <Filter>FBX</Filter>
    </ClInclude>
    <ClInclude Include="..\..\FBX\SoMath.h">
      <Filter>FBX</Filter>
    </ClInclude>
    <ClInclude Include="..\..\FBX\SoReadFile.h">
      <Filter>FBX</Filter>
    </ClInclude>
    <ClInclude Include="..\..\FBX\SoSimpleLoadFile.h">
      <Filter>FBX</Filter>
    </ClInclude>
    <ClInclude Include="..\..\FBX\SoSimpleLog.h">
      <Filter>FBX</Filter>
    </ClInclude>
    <ClInclude Include="..\..\FBX\SoStringHelp.h">
      <Filter>FBX</Filter>
    </ClInclude>
    <ClInclude Include="..\..\FBX\SoTimeHelp.h">
      <Filter>FBX</Filter>
    </ClInclude>
    <ClInclude Include="..\..\FBX\SoTinyString.h">
      <Filter>FBX</Filter>
    </ClInclude>
    <ClInclude Include="..\..\FBX\StFBXDefine.h">
      <Filter>FBX</Filter>
    </ClInclude>
    <ClInclude Include="..\..\FBX\StFBXManager.h">
      <Filter>FBX</Filter>
    </ClInclude>
    <ClInclude Include="..\..\FBX\StFBXModel.h">
      <Filter>FBX</Filter>
    </ClInclude>
    <ClInclude Include="..\..\FBX\StFBXUserDefine.h">
      <Filter>FBX</Filter>
    </ClInclude>
    <ClInclude Include="..\..\FBX\StKKDefine.h">
      <Filter>FBX</Filter>
    </ClInclude>
    <ClInclude Include="..\..\FBX\StKKFileKkbRead.h">
      <Filter>FBX</Filter>
    </ClInclude>
    <ClInclude Include="..\..\FBX\StKKFileKkbWrite.h">
      <Filter>FBX</Filter>
    </ClInclude>
    <ClInclude Include="..\..\FBX\StKKFileKkfRead.h">
      <Filter>FBX</Filter>
    </ClInclude>
    <ClInclude Include="..\..\FBX\StKKFileKkfWrite.h">
      <Filter>FBX</Filter>
    </ClInclude>
    <ClInclude Include="..\..\FBX\StKKFileKkmRead.h">
      <Filter>FBX</Filter>
    </ClInclude>
    <ClInclude Include="..\..\FBX\StKKModel.h">
      <Filter>FBX</Filter>
    </ClInclude>
    <ClInclude Include="..\..\MenuGUI\GameGUI.h">
      <Filter>GameSources</Filter>
    </ClInclude>
    <ClInclude Include="..\..\..\..\Render\D3D11RenderDevice\Src\D3D11RenderDevice.h">
      <Filter>GameSources</Filter>
    </ClInclude>
    <ClInclude Include="..\..\..\..\Render\D3D11RenderDevice\Src\Shaders.h">
      <Filter>GameSources</Filter>
    </ClInclude>
    <ClInclude Include="..\..\D3DCommon\Effects.h">
      <Filter>D3DCommon</Filter>
    </ClInclude>
    <ClInclude Include="..\..\MenuGUI\PasswordBox.xaml.h">
      <Filter>MenuGUI</Filter>
    </ClInclude>
    <ClInclude Include="..\..\AI_Path\CGameMapElement.h">
      <Filter>AI_Path</Filter>
    </ClInclude>
    <ClInclude Include="..\..\AI_Path\GamePathFinder.h">
      <Filter>AI_Path</Filter>
    </ClInclude>
    <ClInclude Include="..\..\SkyBox\Sky.h">
      <Filter>SkyBox</Filter>
    </ClInclude>
    <ClInclude Include="..\..\Terrain\Terrain.h">
      <Filter>Terrain</Filter>
    </ClInclude>
    <ClInclude Include="..\..\ShadowMap\ShadowMap.h">
      <Filter>ShadowMap</Filter>
    </ClInclude>
    <ClInclude Include="..\..\ShadowMap\FBXShadowMapShaderkk.h">
      <Filter>ShadowMap</Filter>
    </ClInclude>
    <ClInclude Include="..\..\ShadowMap\FBXShadowMapShaderkkNoBone.h">
      <Filter>ShadowMap</Filter>
    </ClInclude>
    <ClInclude Include="..\..\ParticleSystem\ParticleSystem.h">
      <Filter>ParticleSystem</Filter>
    </ClInclude>
    <ClInclude Include="..\..\SenceManager\SenceManager.h">
      <Filter>SenceManager</Filter>
    </ClInclude>
    <ClInclude Include="..\..\Water\Water.h">
      <Filter>Water</Filter>
    </ClInclude>
    <ClInclude Include="..\..\Terrain\HeightmapTerrain.h">
      <Filter>Terrain</Filter>
    </ClInclude>
  </ItemGroup>
  <ItemGroup>
    <ClCompile Include="..\..\D3DCommon\Camera.cpp">
      <Filter>D3DCommon</Filter>
    </ClCompile>
    <ClCompile Include="..\..\D3DCommon\d3dApp.cpp">
      <Filter>D3DCommon</Filter>
    </ClCompile>
    <ClCompile Include="..\..\D3DCommon\d3dUtil.cpp">
      <Filter>D3DCommon</Filter>
    </ClCompile>
    <ClCompile Include="..\..\D3DCommon\DDSTextureLoader.cpp">
      <Filter>D3DCommon</Filter>
    </ClCompile>
    <ClCompile Include="..\..\D3DCommon\dxerr.cpp">
      <Filter>D3DCommon</Filter>
    </ClCompile>
    <ClCompile Include="..\..\D3DCommon\GameTimer.cpp">
      <Filter>D3DCommon</Filter>
    </ClCompile>
    <ClCompile Include="..\..\D3DCommon\GeometryGenerator.cpp">
      <Filter>D3DCommon</Filter>
    </ClCompile>
    <ClCompile Include="..\..\D3DCommon\LightHelper.cpp">
      <Filter>D3DCommon</Filter>
    </ClCompile>
    <ClCompile Include="..\..\D3DCommon\MathHelper.cpp">
      <Filter>D3DCommon</Filter>
    </ClCompile>
    <ClCompile Include="..\..\D3DCommon\RenderStates.cpp">
      <Filter>D3DCommon</Filter>
    </ClCompile>
    <ClCompile Include="..\..\D3DCommon\ShaderCompiler.cpp">
      <Filter>D3DCommon</Filter>
    </ClCompile>
    <ClCompile Include="..\..\D3DCommon\TextureMgr.cpp">
      <Filter>D3DCommon</Filter>
    </ClCompile>
    <ClCompile Include="..\..\D3DCommon\Vertex.cpp">
      <Filter>D3DCommon</Filter>
    </ClCompile>
    <ClCompile Include="..\..\D3DCommon\Waves.cpp">
      <Filter>D3DCommon</Filter>
    </ClCompile>
    <ClCompile Include="..\..\MenuGUI\App.xaml.cpp">
      <Filter>MenuGUI</Filter>
    </ClCompile>
    <ClCompile Include="..\..\MenuGUI\MainMenu.xaml.cpp">
      <Filter>MenuGUI</Filter>
    </ClCompile>
    <ClCompile Include="..\..\MenuGUI\MainWindow.xaml.cpp">
      <Filter>MenuGUI</Filter>
    </ClCompile>
    <ClCompile Include="..\..\MenuGUI\MenuDescription.xaml.cpp">
      <Filter>MenuGUI</Filter>
    </ClCompile>
    <ClCompile Include="..\..\MenuGUI\MultiplierConverter.cpp">
      <Filter>MenuGUI</Filter>
    </ClCompile>
    <ClCompile Include="..\..\MenuGUI\OptionSelector.xaml.cpp">
      <Filter>MenuGUI</Filter>
    </ClCompile>
    <ClCompile Include="..\..\MenuGUI\SettingsMenu.xaml.cpp">
      <Filter>MenuGUI</Filter>
    </ClCompile>
    <ClCompile Include="..\..\MenuGUI\StartMenu.xaml.cpp">
      <Filter>MenuGUI</Filter>
    </ClCompile>
    <ClCompile Include="..\..\MenuGUI\ViewModel.cpp">
      <Filter>MenuGUI</Filter>
    </ClCompile>
    <ClCompile Include="..\..\FBX\SoArray.cpp">
      <Filter>FBX</Filter>
    </ClCompile>
    <ClCompile Include="..\..\FBX\SoArrayUID.cpp">
      <Filter>FBX</Filter>
    </ClCompile>
    <ClCompile Include="..\..\FBX\SoCmdLineHelp.cpp">
      <Filter>FBX</Filter>
    </ClCompile>
    <ClCompile Include="..\..\FBX\SoD3DLogicFlowHelp.cpp">
      <Filter>FBX</Filter>
    </ClCompile>
    <ClCompile Include="..\..\FBX\SoD3DModelBase.cpp">
      <Filter>FBX</Filter>
    </ClCompile>
    <ClCompile Include="..\..\FBX\SoD3DModelFbx.cpp">
      <Filter>FBX</Filter>
    </ClCompile>
    <ClCompile Include="..\..\FBX\SoD3DModelKK.cpp">
      <Filter>FBX</Filter>
    </ClCompile>
    <ClCompile Include="..\..\FBX\SoD3DModelManager.cpp">
      <Filter>FBX</Filter>
    </ClCompile>
    <ClCompile Include="..\..\FBX\SoD3DShaderBase.cpp">
      <Filter>FBX</Filter>
    </ClCompile>
    <ClCompile Include="..\..\FBX\SoD3DShaderManager.cpp">
      <Filter>FBX</Filter>
    </ClCompile>
    <ClCompile Include="..\..\FBX\SoD3DShaderModelFbx.cpp">
      <Filter>FBX</Filter>
    </ClCompile>
    <ClCompile Include="..\..\FBX\SoD3DShaderModelKK.cpp">
      <Filter>FBX</Filter>
    </ClCompile>
    <ClCompile Include="..\..\FBX\SoD3DShaderModelKKNoBone.cpp">
      <Filter>FBX</Filter>
    </ClCompile>
    <ClCompile Include="..\..\FBX\SoD3DTexture.cpp">
      <Filter>FBX</Filter>
    </ClCompile>
    <ClCompile Include="..\..\FBX\SoD3DTextureManager.cpp">
      <Filter>FBX</Filter>
    </ClCompile>
    <ClCompile Include="..\..\FBX\SoMath.cpp">
      <Filter>FBX</Filter>
    </ClCompile>
    <ClCompile Include="..\..\FBX\SoReadFile.cpp">
      <Filter>FBX</Filter>
    </ClCompile>
    <ClCompile Include="..\..\FBX\SoSimpleLoadFile.cpp">
      <Filter>FBX</Filter>
    </ClCompile>
    <ClCompile Include="..\..\FBX\SoSimpleLog.cpp">
      <Filter>FBX</Filter>
    </ClCompile>
    <ClCompile Include="..\..\FBX\SoStringHelp.cpp">
      <Filter>FBX</Filter>
    </ClCompile>
    <ClCompile Include="..\..\FBX\SoTimeHelp.cpp">
      <Filter>FBX</Filter>
    </ClCompile>
    <ClCompile Include="..\..\FBX\SoTinyString.cpp">
      <Filter>FBX</Filter>
    </ClCompile>
    <ClCompile Include="..\..\FBX\StFBXDefine.cpp">
      <Filter>FBX</Filter>
    </ClCompile>
    <ClCompile Include="..\..\FBX\StFBXManager.cpp">
      <Filter>FBX</Filter>
    </ClCompile>
    <ClCompile Include="..\..\FBX\StFBXModel.cpp">
      <Filter>FBX</Filter>
    </ClCompile>
    <ClCompile Include="..\..\FBX\StKKDefine.cpp">
      <Filter>FBX</Filter>
    </ClCompile>
    <ClCompile Include="..\..\FBX\StKKFileKkbRead.cpp">
      <Filter>FBX</Filter>
    </ClCompile>
    <ClCompile Include="..\..\FBX\StKKFileKkbWrite.cpp">
      <Filter>FBX</Filter>
    </ClCompile>
    <ClCompile Include="..\..\FBX\StKKFileKkfRead.cpp">
      <Filter>FBX</Filter>
    </ClCompile>
    <ClCompile Include="..\..\FBX\StKKFileKkfWrite.cpp">
      <Filter>FBX</Filter>
    </ClCompile>
    <ClCompile Include="..\..\FBX\StKKFileKkmRead.cpp">
      <Filter>FBX</Filter>
    </ClCompile>
    <ClCompile Include="..\..\FBX\StKKModel.cpp">
      <Filter>FBX</Filter>
    </ClCompile>
    <ClCompile Include="..\..\MenuGUI\GameGUI.cpp">
      <Filter>GameSources</Filter>
    </ClCompile>
    <ClCompile Include="..\..\..\..\Render\D3D11RenderDevice\Src\D3D11RenderDevice.cpp">
      <Filter>GameSources</Filter>
    </ClCompile>
    <ClCompile Include="..\..\D3DCommon\Effects.cpp">
      <Filter>D3DCommon</Filter>
    </ClCompile>
    <ClCompile Include="..\..\MenuGUI\PasswordBox.xaml.cpp">
      <Filter>MenuGUI</Filter>
    </ClCompile>
    <ClCompile Include="..\..\AI_Path\CGameMapElement.cpp">
      <Filter>AI_Path</Filter>
    </ClCompile>
    <ClCompile Include="GameMain.cpp">
      <Filter>GameSources</Filter>
    </ClCompile>
    <ClCompile Include="..\..\SkyBox\Sky.cpp">
      <Filter>SkyBox</Filter>
    </ClCompile>
    <ClCompile Include="..\..\Terrain\Terrain.cpp">
      <Filter>Terrain</Filter>
    </ClCompile>
    <ClCompile Include="..\..\ShadowMap\ShadowMap.cpp">
      <Filter>ShadowMap</Filter>
    </ClCompile>
    <ClCompile Include="..\..\ShadowMap\FBXShadowMapShaderkk.cpp">
      <Filter>ShadowMap</Filter>
    </ClCompile>
    <ClCompile Include="..\..\ShadowMap\FBXShadowMapShaderkkNoBone.cpp">
      <Filter>ShadowMap</Filter>
    </ClCompile>
    <ClCompile Include="..\..\ParticleSystem\ParticleSystem.cpp">
      <Filter>ParticleSystem</Filter>
    </ClCompile>
    <ClCompile Include="..\..\SenceManager\SenceManager.cpp">
      <Filter>SenceManager</Filter>
    </ClCompile>
    <ClCompile Include="..\..\Water\Water.cpp">
      <Filter>Water</Filter>
    </ClCompile>
    <ClCompile Include="..\..\Terrain\HeightmapTerrain.cpp">
      <Filter>Terrain</Filter>
    </ClCompile>
  </ItemGroup>
  <ItemGroup>
    <CustomBuild Include="..\..\Data\PasswordBox.xaml">
      <Filter>UIData</Filter>
    </CustomBuild>
    <CustomBuild Include="..\..\Data\Resources.xaml">
      <Filter>UIData</Filter>
    </CustomBuild>
    <CustomBuild Include="..\..\Data\Koala.jpg">
      <Filter>UIData</Filter>
    </CustomBuild>
    <CustomBuild Include="shader\Basic.fx">
      <Filter>Shader</Filter>
    </CustomBuild>
    <CustomBuild Include="shader\modelfbx.fx">
      <Filter>Shader</Filter>
    </CustomBuild>
    <CustomBuild Include="shader\modelkk.fx">
      <Filter>Shader</Filter>
    </CustomBuild>
    <CustomBuild Include="shader\modelkk_nobone.fx">
      <Filter>Shader</Filter>
    </CustomBuild>
    <CustomBuild Include="shader\Sky.fx">
      <Filter>Shader</Filter>
    </CustomBuild>
    <CustomBuild Include="shader\InstancedBasic.fx">
      <Filter>Shader</Filter>
    </CustomBuild>
    <CustomBuild Include="shader\Shadowkk.fx">
      <Filter>Shader</Filter>
    </CustomBuild>
    <CustomBuild Include="shader\Shadowkk_nobone.fx">
      <Filter>Shader</Filter>
    </CustomBuild>
    <CustomBuild Include="shader\Fire.fx">
      <Filter>Shader</Filter>
    </CustomBuild>
    <CustomBuild Include="shader\Rain.fx">
      <Filter>Shader</Filter>
    </CustomBuild>
    <CustomBuild Include="shader\WaterRefractionMask.fx">
      <Filter>Shader</Filter>
    </CustomBuild>
    <CustomBuild Include="shader\Water.fx">
      <Filter>Shader</Filter>
    </CustomBuild>
    <CustomBuild Include="shader\Terrain.fx">
      <Filter>Shader</Filter>
    </CustomBuild>
  </ItemGroup>
  <ItemGroup>
    <None Include="shader\LightHelper.fx">
      <Filter>Shader</Filter>
    </None>
  </ItemGroup>
  <ItemGroup>
    <Image Include="Textures\sunsetcube1024.dds">
      <Filter>Resources</Filter>
    </Image>
  </ItemGroup>
</Project>