// !$*UTF8*$!
{
    archiveVersion = 1;
    classes = {};
    objectVersion = 46;
    objects = {

/* Begin PBXBuildFile section */
        2045151FE44747C09733894F /* App.xaml in Sources */ = {isa = PBXBuildFile; fileRef = B4602C7BA84C45B6B31CEC01 /* App.xaml */; };
        0902B670F0904C0ABE4AA336 /* MainWindow.xaml in Sources */ = {isa = PBXBuildFile; fileRef = CA1B2F961B874E3BB8226C6F /* MainWindow.xaml */; };
        A429F646A3924CD8B2D2FF90 /* MenuResources.xaml in Sources */ = {isa = PBXBuildFile; fileRef = 4BE8792C124248008FE96D94 /* MenuResources.xaml */; };
        D9968466638A47EC9D8FBB7D /* MenuDescription.xaml in Sources */ = {isa = PBXBuildFile; fileRef = 24EEFE41447C42BE927057B0 /* MenuDescription.xaml */; };
        33D223C6439C47268CB31DDF /* MainMenu.xaml in Sources */ = {isa = PBXBuildFile; fileRef = 27B1BE2A3DDC45549160D3F7 /* MainMenu.xaml */; };
        F017926BDE544A82B57E2FC7 /* StartMenu.xaml in Sources */ = {isa = PBXBuildFile; fileRef = 7BD10DE4FDC6427A9CCB206A /* StartMenu.xaml */; };
        4891DAF0E3D0493B8315786F /* SettingsMenu.xaml in Sources */ = {isa = PBXBuildFile; fileRef = 969FF493FCDA497DB75253A4 /* SettingsMenu.xaml */; };
        6C670C5385924F6399AD2707 /* OptionSelector.xaml in Sources */ = {isa = PBXBuildFile; fileRef = 67E9E1DC04834654A7630DAE /* OptionSelector.xaml */; };
        4987582CD6504CC59613E24A /* BackClouds.png in Sources */ = {isa = PBXBuildFile; fileRef = 51B6DAA26DD74C14A85EF50F /* BackClouds.png */; };
        CCABB4934E734F6BAF1163A2 /* FrontClouds.png in Sources */ = {isa = PBXBuildFile; fileRef = 919489EF92A040278FE2FE20 /* FrontClouds.png */; };
        1FC2B4B37D254CDD8AAF4FB6 /* FrontTrees.png in Sources */ = {isa = PBXBuildFile; fileRef = D100A1ABADE54C7D8CF8979C /* FrontTrees.png */; };
        F9D666032B1E4A70BF5C7CC9 /* LakeAndMountains.png in Sources */ = {isa = PBXBuildFile; fileRef = 3A40EBBCAA524D73BC48A97D /* LakeAndMountains.png */; };
        DC77ADBAF31843A2A03B0D6A /* SkyAndSun.jpg in Sources */ = {isa = PBXBuildFile; fileRef = 9A58644E5FEA4874BD0B53F4 /* SkyAndSun.jpg */; };
        2D93947546534E9F90008709 /* weblysleekuisb.ttf in Sources */ = {isa = PBXBuildFile; fileRef = 4B7F59E920B44191BAF9EEF8 /* weblysleekuisb.ttf */; };
        AE295903A1904484AC164BF8 /* weblysleekuisl.ttf in Sources */ = {isa = PBXBuildFile; fileRef = E34428030B2D42319D3B08A2 /* weblysleekuisl.ttf */; };
        632F46910B754F6C9302E1E0 /* SoundTrack.mp3 in Sources */ = {isa = PBXBuildFile; fileRef = 0C92389957EC4E26952799A6 /* SoundTrack.mp3 */; };
        CD5F7E71858244CE9299C466 /* WaterDropBig.mp3 in Sources */ = {isa = PBXBuildFile; fileRef = D082F771157D429CAAA8FD40 /* WaterDropBig.mp3 */; };
        61872960B23A41C7A312B316 /* WaterDropSmall.mp3 in Sources */ = {isa = PBXBuildFile; fileRef = E035A1D18BF64B378CF326E3 /* WaterDropSmall.mp3 */; };
        6CAD2376273C4566A715B266 /* OptionSelector.xaml.cpp in Sources */ = {isa = PBXBuildFile; fileRef = 4CE9E5E6A27245B4B6E6004A /* OptionSelector.xaml.cpp */; };
        30C381509F0F4A38999C8EC2 /* App.xaml.cpp in Sources */ = {isa = PBXBuildFile; fileRef = 16C2F7217A174E9D9047A6E2 /* App.xaml.cpp */; };
        3D13A7B11BFE4BD0856008A8 /* ViewModel.cpp in Sources */ = {isa = PBXBuildFile; fileRef = BCFDEF2F6C7040F7A39C575B /* ViewModel.cpp */; };
        3D0CC236A3B743A4A670A58F /* StartMenu.xaml.cpp in Sources */ = {isa = PBXBuildFile; fileRef = E5C9D457E00740DAA411D651 /* StartMenu.xaml.cpp */; };
        11A2D97190BC490794DBBC9C /* MultiplierConverter.cpp in Sources */ = {isa = PBXBuildFile; fileRef = BCD930655CA54E4A9DDCEF78 /* MultiplierConverter.cpp */; };
        D6F76A4D8D494FE098D32E25 /* MainMenu.xaml.cpp in Sources */ = {isa = PBXBuildFile; fileRef = 74A534CF3AF448EF826BFC7D /* MainMenu.xaml.cpp */; };
        0F8A1101DAF7461C8CAD4145 /* MenuDescription.xaml.cpp in Sources */ = {isa = PBXBuildFile; fileRef = 49D4116B12DB44AD9B2FFDC2 /* MenuDescription.xaml.cpp */; };
        CDB81D51890D489DB12FB8B5 /* SettingsMenu.xaml.cpp in Sources */ = {isa = PBXBuildFile; fileRef = 04335A707C3B435A907F2083 /* SettingsMenu.xaml.cpp */; };
        AF28C663C4B3442783A1AF65 /* Main.cpp in Sources */ = {isa = PBXBuildFile; fileRef = 72DD8807CDF045D290A648CE /* Main.cpp */; };
        4688C294FF594BA5B4D78439 /* MainWindow.xaml.cpp in Sources */ = {isa = PBXBuildFile; fileRef = F120587DC9CE4AF5BF3B8054 /* MainWindow.xaml.cpp */; };
        372792680939497CB781F0FE /* Assets.xcassets in Resources */ = {isa = PBXBuildFile; fileRef = E052C60C8DA042A6B5FB085F /* Assets.xcassets */; };
        1B6E130B3164447788F33A55 /* Noesis.dylib in CopyFiles */ = {isa = PBXBuildFile; fileRef = 3DFE2E82A2174DEC86D68319 /* Noesis.dylib */; };
        1B508BB1148A4975917B9961 /* NoesisApp.dylib in CopyFiles */ = {isa = PBXBuildFile; fileRef = 0D64B7F8345E426F8FD2D4F0 /* NoesisApp.dylib */; };
        4A09AA9834044992BF963F11 /* AppKit.framework in Frameworks */ = {isa = PBXBuildFile; fileRef = B3E39DC1EC894F1DB8DD57E4 /* AppKit.framework */; };
        FB1C50FC8501407C8A1CDD88 /* Noesis.dylib in Frameworks */ = {isa = PBXBuildFile; fileRef = 3DFE2E82A2174DEC86D68319 /* Noesis.dylib */; };
        21F7DB286E824A3D9E3976A9 /* NoesisApp.dylib in Frameworks */ = {isa = PBXBuildFile; fileRef = 0D64B7F8345E426F8FD2D4F0 /* NoesisApp.dylib */; };
/* End PBXBuildFile section */

/* Begin PBXFileReference section */
        312A87A48B7C41E584F008B9 /* Samples.Menu3D.app */ = {isa = PBXFileReference; explicitFileType = wrapper.application; includeInIndex = 0; path = Samples.Menu3D.app; sourceTree = BUILT_PRODUCTS_DIR; };
        B3E39DC1EC894F1DB8DD57E4 /* AppKit.framework */ = {isa = PBXFileReference; lastKnownFileType = wrapper.framework; name = "AppKit.framework"; path = "System/Library/Frameworks/AppKit.framework"; sourceTree = SDKROOT; };
        3DFE2E82A2174DEC86D68319 /* Noesis.dylib */ = {isa = PBXFileReference; lastKnownFileType = archive.ar; name = "Noesis.dylib"; path = "../../../../../../Bin/osx/Noesis.dylib"; sourceTree = SOURCE_ROOT; };
        0D64B7F8345E426F8FD2D4F0 /* NoesisApp.dylib */ = {isa = PBXFileReference; lastKnownFileType = archive.ar; name = "NoesisApp.dylib"; path = "../../../../../../Bin/osx/NoesisApp.dylib"; sourceTree = SOURCE_ROOT; };
        923B8D8A74A64CBFA746649B /* Common.xcconfig */ = {isa = PBXFileReference; lastKnownFileType = text.xcconfig; name = "Common.xcconfig"; path = "../../../../../../Config/Common.xcconfig"; sourceTree = SOURCE_ROOT; };
        7D5643946CD34EB88C1D7827 /* Release.xcconfig */ = {isa = PBXFileReference; lastKnownFileType = text.xcconfig; name = "Release.xcconfig"; path = "../../../../../../Config/Release/Release.xcconfig"; sourceTree = SOURCE_ROOT; };
        46E67BD859FB4102AE929EE0 /* Profile.xcconfig */ = {isa = PBXFileReference; lastKnownFileType = text.xcconfig; name = "Profile.xcconfig"; path = "../../../../../../Config/Profile/Profile.xcconfig"; sourceTree = SOURCE_ROOT; };
        17A734C867184E9293BC38E3 /* Debug.xcconfig */ = {isa = PBXFileReference; lastKnownFileType = text.xcconfig; name = "Debug.xcconfig"; path = "../../../../../../Config/Debug/Debug.xcconfig"; sourceTree = SOURCE_ROOT; };
        4CE9E5E6A27245B4B6E6004A /* OptionSelector.xaml.cpp */ = {isa = PBXFileReference; lastKnownFileType = sourcecode.cpp.cpp; name = "OptionSelector.xaml.cpp"; path = "../../Src/OptionSelector.xaml.cpp"; sourceTree = SOURCE_ROOT; };
        16C2F7217A174E9D9047A6E2 /* App.xaml.cpp */ = {isa = PBXFileReference; lastKnownFileType = sourcecode.cpp.cpp; name = "App.xaml.cpp"; path = "../../Src/App.xaml.cpp"; sourceTree = SOURCE_ROOT; };
        E211DE0E628B4181A1149057 /* MainMenu.xaml.h */ = {isa = PBXFileReference; lastKnownFileType = sourcecode.c.h; name = "MainMenu.xaml.h"; path = "../../Src/MainMenu.xaml.h"; sourceTree = SOURCE_ROOT; };
        74F6E813131C4665BE37F4DB /* StartMenu.xaml.h */ = {isa = PBXFileReference; lastKnownFileType = sourcecode.c.h; name = "StartMenu.xaml.h"; path = "../../Src/StartMenu.xaml.h"; sourceTree = SOURCE_ROOT; };
        0DB0F6CE1CA44B61860AA602 /* App.xaml.h */ = {isa = PBXFileReference; lastKnownFileType = sourcecode.c.h; name = "App.xaml.h"; path = "../../Src/App.xaml.h"; sourceTree = SOURCE_ROOT; };
        72DF536687E549B5A60B4AA0 /* ViewModel.h */ = {isa = PBXFileReference; lastKnownFileType = sourcecode.c.h; name = "ViewModel.h"; path = "../../Src/ViewModel.h"; sourceTree = SOURCE_ROOT; };
        5467B784F8354865A2A28E1D /* MultiplierConverter.h */ = {isa = PBXFileReference; lastKnownFileType = sourcecode.c.h; name = "MultiplierConverter.h"; path = "../../Src/MultiplierConverter.h"; sourceTree = SOURCE_ROOT; };
        BCFDEF2F6C7040F7A39C575B /* ViewModel.cpp */ = {isa = PBXFileReference; lastKnownFileType = sourcecode.cpp.cpp; name = "ViewModel.cpp"; path = "../../Src/ViewModel.cpp"; sourceTree = SOURCE_ROOT; };
        E5C9D457E00740DAA411D651 /* StartMenu.xaml.cpp */ = {isa = PBXFileReference; lastKnownFileType = sourcecode.cpp.cpp; name = "StartMenu.xaml.cpp"; path = "../../Src/StartMenu.xaml.cpp"; sourceTree = SOURCE_ROOT; };
        D2800BEE08D046499A5595B4 /* MainWindow.xaml.h */ = {isa = PBXFileReference; lastKnownFileType = sourcecode.c.h; name = "MainWindow.xaml.h"; path = "../../Src/MainWindow.xaml.h"; sourceTree = SOURCE_ROOT; };
        BCD930655CA54E4A9DDCEF78 /* MultiplierConverter.cpp */ = {isa = PBXFileReference; lastKnownFileType = sourcecode.cpp.cpp; name = "MultiplierConverter.cpp"; path = "../../Src/MultiplierConverter.cpp"; sourceTree = SOURCE_ROOT; };
        74A534CF3AF448EF826BFC7D /* MainMenu.xaml.cpp */ = {isa = PBXFileReference; lastKnownFileType = sourcecode.cpp.cpp; name = "MainMenu.xaml.cpp"; path = "../../Src/MainMenu.xaml.cpp"; sourceTree = SOURCE_ROOT; };
        968EA83FAEBC469DB0976DE0 /* SettingsMenu.xaml.h */ = {isa = PBXFileReference; lastKnownFileType = sourcecode.c.h; name = "SettingsMenu.xaml.h"; path = "../../Src/SettingsMenu.xaml.h"; sourceTree = SOURCE_ROOT; };
        0CC41DA4D873472B86D6B1A2 /* MenuDescription.xaml.h */ = {isa = PBXFileReference; lastKnownFileType = sourcecode.c.h; name = "MenuDescription.xaml.h"; path = "../../Src/MenuDescription.xaml.h"; sourceTree = SOURCE_ROOT; };
        49D4116B12DB44AD9B2FFDC2 /* MenuDescription.xaml.cpp */ = {isa = PBXFileReference; lastKnownFileType = sourcecode.cpp.cpp; name = "MenuDescription.xaml.cpp"; path = "../../Src/MenuDescription.xaml.cpp"; sourceTree = SOURCE_ROOT; };
        04335A707C3B435A907F2083 /* SettingsMenu.xaml.cpp */ = {isa = PBXFileReference; lastKnownFileType = sourcecode.cpp.cpp; name = "SettingsMenu.xaml.cpp"; path = "../../Src/SettingsMenu.xaml.cpp"; sourceTree = SOURCE_ROOT; };
        72DD8807CDF045D290A648CE /* Main.cpp */ = {isa = PBXFileReference; lastKnownFileType = sourcecode.cpp.cpp; name = "Main.cpp"; path = "../../Src/Main.cpp"; sourceTree = SOURCE_ROOT; };
        5BAA3C21B76C45F2A1A5A028 /* OptionSelector.xaml.h */ = {isa = PBXFileReference; lastKnownFileType = sourcecode.c.h; name = "OptionSelector.xaml.h"; path = "../../Src/OptionSelector.xaml.h"; sourceTree = SOURCE_ROOT; };
        F120587DC9CE4AF5BF3B8054 /* MainWindow.xaml.cpp */ = {isa = PBXFileReference; lastKnownFileType = sourcecode.cpp.cpp; name = "MainWindow.xaml.cpp"; path = "../../Src/MainWindow.xaml.cpp"; sourceTree = SOURCE_ROOT; };
        B4602C7BA84C45B6B31CEC01 /* App.xaml */ = {isa = PBXFileReference; lastKnownFileType = file; name = "App.xaml"; path = "../../Data/App.xaml"; sourceTree = SOURCE_ROOT; };
        CA1B2F961B874E3BB8226C6F /* MainWindow.xaml */ = {isa = PBXFileReference; lastKnownFileType = file; name = "MainWindow.xaml"; path = "../../Data/MainWindow.xaml"; sourceTree = SOURCE_ROOT; };
        4BE8792C124248008FE96D94 /* MenuResources.xaml */ = {isa = PBXFileReference; lastKnownFileType = file; name = "MenuResources.xaml"; path = "../../Data/MenuResources.xaml"; sourceTree = SOURCE_ROOT; };
        24EEFE41447C42BE927057B0 /* MenuDescription.xaml */ = {isa = PBXFileReference; lastKnownFileType = file; name = "MenuDescription.xaml"; path = "../../Data/MenuDescription.xaml"; sourceTree = SOURCE_ROOT; };
        27B1BE2A3DDC45549160D3F7 /* MainMenu.xaml */ = {isa = PBXFileReference; lastKnownFileType = file; name = "MainMenu.xaml"; path = "../../Data/MainMenu.xaml"; sourceTree = SOURCE_ROOT; };
        7BD10DE4FDC6427A9CCB206A /* StartMenu.xaml */ = {isa = PBXFileReference; lastKnownFileType = file; name = "StartMenu.xaml"; path = "../../Data/StartMenu.xaml"; sourceTree = SOURCE_ROOT; };
        969FF493FCDA497DB75253A4 /* SettingsMenu.xaml */ = {isa = PBXFileReference; lastKnownFileType = file; name = "SettingsMenu.xaml"; path = "../../Data/SettingsMenu.xaml"; sourceTree = SOURCE_ROOT; };
        67E9E1DC04834654A7630DAE /* OptionSelector.xaml */ = {isa = PBXFileReference; lastKnownFileType = file; name = "OptionSelector.xaml"; path = "../../Data/OptionSelector.xaml"; sourceTree = SOURCE_ROOT; };
        51B6DAA26DD74C14A85EF50F /* BackClouds.png */ = {isa = PBXFileReference; lastKnownFileType = file; name = "BackClouds.png"; path = "../../Data/Images/BackClouds.png"; sourceTree = SOURCE_ROOT; };
        919489EF92A040278FE2FE20 /* FrontClouds.png */ = {isa = PBXFileReference; lastKnownFileType = file; name = "FrontClouds.png"; path = "../../Data/Images/FrontClouds.png"; sourceTree = SOURCE_ROOT; };
        D100A1ABADE54C7D8CF8979C /* FrontTrees.png */ = {isa = PBXFileReference; lastKnownFileType = file; name = "FrontTrees.png"; path = "../../Data/Images/FrontTrees.png"; sourceTree = SOURCE_ROOT; };
        3A40EBBCAA524D73BC48A97D /* LakeAndMountains.png */ = {isa = PBXFileReference; lastKnownFileType = file; name = "LakeAndMountains.png"; path = "../../Data/Images/LakeAndMountains.png"; sourceTree = SOURCE_ROOT; };
        9A58644E5FEA4874BD0B53F4 /* SkyAndSun.jpg */ = {isa = PBXFileReference; lastKnownFileType = file; name = "SkyAndSun.jpg"; path = "../../Data/Images/SkyAndSun.jpg"; sourceTree = SOURCE_ROOT; };
        4B7F59E920B44191BAF9EEF8 /* weblysleekuisb.ttf */ = {isa = PBXFileReference; lastKnownFileType = file; name = "weblysleekuisb.ttf"; path = "../../Data/Fonts/weblysleekuisb.ttf"; sourceTree = SOURCE_ROOT; };
        E34428030B2D42319D3B08A2 /* weblysleekuisl.ttf */ = {isa = PBXFileReference; lastKnownFileType = file; name = "weblysleekuisl.ttf"; path = "../../Data/Fonts/weblysleekuisl.ttf"; sourceTree = SOURCE_ROOT; };
        0C92389957EC4E26952799A6 /* SoundTrack.mp3 */ = {isa = PBXFileReference; lastKnownFileType = file; name = "SoundTrack.mp3"; path = "../../Data/Sounds/SoundTrack.mp3"; sourceTree = SOURCE_ROOT; };
        D082F771157D429CAAA8FD40 /* WaterDropBig.mp3 */ = {isa = PBXFileReference; lastKnownFileType = file; name = "WaterDropBig.mp3"; path = "../../Data/Sounds/WaterDropBig.mp3"; sourceTree = SOURCE_ROOT; };
        E035A1D18BF64B378CF326E3 /* WaterDropSmall.mp3 */ = {isa = PBXFileReference; lastKnownFileType = file; name = "WaterDropSmall.mp3"; path = "../../Data/Sounds/WaterDropSmall.mp3"; sourceTree = SOURCE_ROOT; };
        E84BC926291F44A7BBB6EF12 /* info.plist */ = {isa = PBXFileReference; lastKnownFileType = text.plist.xml; name = "info.plist"; path = "info.plist"; sourceTree = SOURCE_ROOT; };
        E052C60C8DA042A6B5FB085F /* Assets.xcassets */ = {isa = PBXFileReference; lastKnownFileType = folder.assetcatalog; name = "Assets.xcassets"; path = "Assets.xcassets"; sourceTree = SOURCE_ROOT; };
/* End PBXFileReference section */

/* Begin PBXGroup section */
        54AB3AABBA5745B2AE8CAACA = {
            isa = PBXGroup;
            children = (
                4CE9E5E6A27245B4B6E6004A,
                16C2F7217A174E9D9047A6E2,
                E211DE0E628B4181A1149057,
                74F6E813131C4665BE37F4DB,
                0DB0F6CE1CA44B61860AA602,
                72DF536687E549B5A60B4AA0,
                5467B784F8354865A2A28E1D,
                BCFDEF2F6C7040F7A39C575B,
                E5C9D457E00740DAA411D651,
                D2800BEE08D046499A5595B4,
                BCD930655CA54E4A9DDCEF78,
                74A534CF3AF448EF826BFC7D,
                968EA83FAEBC469DB0976DE0,
                0CC41DA4D873472B86D6B1A2,
                49D4116B12DB44AD9B2FFDC2,
                04335A707C3B435A907F2083,
                72DD8807CDF045D290A648CE,
                5BAA3C21B76C45F2A1A5A028,
                F120587DC9CE4AF5BF3B8054,
            );
            name = Src;
            sourceTree = "<group>";
        };
        242C9F4C429F4C40B513FB82 = {
            isa = PBXGroup;
            children = (
                B4602C7BA84C45B6B31CEC01,
                CA1B2F961B874E3BB8226C6F,
                4BE8792C124248008FE96D94,
                24EEFE41447C42BE927057B0,
                27B1BE2A3DDC45549160D3F7,
                7BD10DE4FDC6427A9CCB206A,
                969FF493FCDA497DB75253A4,
                67E9E1DC04834654A7630DAE,
                51B6DAA26DD74C14A85EF50F,
                919489EF92A040278FE2FE20,
                D100A1ABADE54C7D8CF8979C,
                3A40EBBCAA524D73BC48A97D,
                9A58644E5FEA4874BD0B53F4,
                4B7F59E920B44191BAF9EEF8,
                E34428030B2D42319D3B08A2,
                0C92389957EC4E26952799A6,
                D082F771157D429CAAA8FD40,
                E035A1D18BF64B378CF326E3,
            );
            name = Data;
            sourceTree = "<group>";
        };
        F4444F6079494F729DEDCF18 = {
            isa = PBXGroup;
            children = (
                E84BC926291F44A7BBB6EF12,
                E052C60C8DA042A6B5FB085F,
            );
            name = Resources;
            sourceTree = "<group>";
        };
        078859CE6C9244CAB5401E57 = {
            isa = PBXGroup;
            children = (
                7D5643946CD34EB88C1D7827,
                46E67BD859FB4102AE929EE0,
                923B8D8A74A64CBFA746649B,
                17A734C867184E9293BC38E3,
            );
            name = Config;
            sourceTree = "<group>";
        };
        D35411899C62463EA084ADD5 = {
            isa = PBXGroup;
            children = (
                312A87A48B7C41E584F008B9,
            );
            name = Products;
            sourceTree = "<group>";
        };
        5066BEC01D244ADFAE4EE855 = {
            isa = PBXGroup;
            children = (
                B3E39DC1EC894F1DB8DD57E4,
                3DFE2E82A2174DEC86D68319,
                0D64B7F8345E426F8FD2D4F0,
            );
            name = Dependencies;
            sourceTree = "<group>";
        };
        ECCEED51A88448EBB20CD662 = {
            isa = PBXGroup;
            children = (
                54AB3AABBA5745B2AE8CAACA,
                242C9F4C429F4C40B513FB82,
                F4444F6079494F729DEDCF18,
                078859CE6C9244CAB5401E57,
                D35411899C62463EA084ADD5,
                5066BEC01D244ADFAE4EE855,
                33EEEC632B3D4C6381F8A438,
            );
            sourceTree = "<group>";
        };
/* End PBXGroup section */

/* Begin PBXSourcesBuildPhase section */
        F3938F5967A74EF984CDF862 = {
            isa = PBXSourcesBuildPhase;
            buildActionMask = 2147483647;
            files = (
                2045151FE44747C09733894F,
                0902B670F0904C0ABE4AA336,
                A429F646A3924CD8B2D2FF90,
                D9968466638A47EC9D8FBB7D,
                33D223C6439C47268CB31DDF,
                F017926BDE544A82B57E2FC7,
                4891DAF0E3D0493B8315786F,
                6C670C5385924F6399AD2707,
                4987582CD6504CC59613E24A,
                CCABB4934E734F6BAF1163A2,
                1FC2B4B37D254CDD8AAF4FB6,
                F9D666032B1E4A70BF5C7CC9,
                DC77ADBAF31843A2A03B0D6A,
                2D93947546534E9F90008709,
                AE295903A1904484AC164BF8,
                632F46910B754F6C9302E1E0,
                CD5F7E71858244CE9299C466,
                61872960B23A41C7A312B316,
                6CAD2376273C4566A715B266,
                30C381509F0F4A38999C8EC2,
                3D13A7B11BFE4BD0856008A8,
                3D0CC236A3B743A4A670A58F,
                11A2D97190BC490794DBBC9C,
                D6F76A4D8D494FE098D32E25,
                0F8A1101DAF7461C8CAD4145,
                CDB81D51890D489DB12FB8B5,
                AF28C663C4B3442783A1AF65,
                4688C294FF594BA5B4D78439,
            );
            runOnlyForDeploymentPostprocessing = 0;
        };
/* End PBXSourcesBuildPhase section */

/* Begin PBXBuildRule section */
        D7FB72FE61D348A29A990BBB = {
            isa = PBXBuildRule;
            compilerSpec = com.apple.compilers.proxy.script;
            filePatterns = "*.xaml *.png *.mp3 *.ttf *.jpg";
            fileType = pattern.proxy;
            isEditable = 0;
            outputFiles = (
                "${DERIVED_FILE_DIR}/${INPUT_FILE_NAME}.bin.h"
            );
            runOncePerArchitecture = 0;
            script = "../../../../../Tools/Bin2h/bin2h.py \"${INPUT_FILE_PATH}\" > \"${DERIVED_SOURCES_DIR}/${INPUT_FILE_NAME}.bin.h\"";
        };
/* End PBXBuildRule section */

/* Begin PBXFrameworksBuildPhase section */
        327290EDAB93409B8704EC4D = {
            isa = PBXFrameworksBuildPhase;
            buildActionMask = 2147483647;
            files = (
                4A09AA9834044992BF963F11,
                FB1C50FC8501407C8A1CDD88,
                21F7DB286E824A3D9E3976A9,
            );
            runOnlyForDeploymentPostprocessing = 0;
        };
/* End PBXFrameworksBuildPhase section */

/* Begin PBXResourcesBuildPhase section */
        38AE3E5DB8CF4B3F84DBF6CA = {
            isa = PBXResourcesBuildPhase;
            buildActionMask = 2147483647;
            files = (
                372792680939497CB781F0FE,
            );
            runOnlyForDeploymentPostprocessing = 0;
        };
/* End PBXResourcesBuildPhase section */

/* Begin PBXCopyFilesBuildPhase section */
        5527415C3F9444339929A0F2 = {
            isa = PBXCopyFilesBuildPhase;
            buildActionMask = 2147483647;
            dstPath = "";
            dstSubfolderSpec = 10;
            files = (
                1B6E130B3164447788F33A55,
                1B508BB1148A4975917B9961,
            );
            runOnlyForDeploymentPostprocessing = 0;
        };
/* End PBXCopyFilesBuildPhase section */

/* Begin PBXNativeTarget section */
        94442B5DFF6839C19286C6A0 = {
            isa = PBXNativeTarget;
            buildConfigurationList = B749C40A7F77414F89AC4EE1;
            buildPhases = (
                F3938F5967A74EF984CDF862,
                327290EDAB93409B8704EC4D,
                38AE3E5DB8CF4B3F84DBF6CA,
                5527415C3F9444339929A0F2,
            );
            buildRules = (
                D7FB72FE61D348A29A990BBB,
            );
            dependencies = ();
            name = Samples.Menu3D;
            productName = Samples.Menu3D;
            productReference = 312A87A48B7C41E584F008B9;
            productType = "com.apple.product-type.application";
        };
/* End PBXNativeTarget section */

/* Begin PBXProject section */
        0EE269DC4C774DBEB8635FFF = {
            isa = PBXProject;
            attributes = { LastUpgradeCheck = 9999; };
            buildConfigurationList = FD6F7AA6167341A88AE1D45A;
            compatibilityVersion = "Xcode 3.2";
            developmentRegion = en;
            hasScannedForEncodings = 0;
            knownRegions = (en, Base,);
            mainGroup = ECCEED51A88448EBB20CD662;
            productRefGroup = D35411899C62463EA084ADD5;
            projectDirPath = "";
            projectRoot = "";
            targets = (94442B5DFF6839C19286C6A0,);
        };
/* End PBXProject section */

/* Begin XCBuildConfiguration section */
        46E51A34BE4D4C598656B70A = {
            isa = XCBuildConfiguration;
            baseConfigurationReference = 7D5643946CD34EB88C1D7827;
            buildSettings = {
                SDKROOT = macosx;
                MACOSX_DEPLOYMENT_TARGET = 10.7;
                HEADER_SEARCH_PATHS = (../../../../Core/NSTL/Include,../../../../Math/Utils/Include,../../../../Math/VectorMath/Include,../../../../App/Providers/Include,../../../../../../3rdParty/EASTL/local/include,../../../../Samples/Menu3D/Include,../../../../Drawing/Types/Include,../../../../App/Interactivity/Include,../../../../Core/TypeConverter/Include,../../../../App/Display/Include,../../../../App/Launcher/Include,../../../../Core/Nullable/Include,../../../../Gui/Core/Include,../../../../Gui/Animation/Include,../../../../../../Include,../../../../App/ApplicationLauncher/Include,../../../../Gui/Providers/Include,../../../../App/DisplayLauncher/Include,../../../../Core/Kernel/Include,../../../../Gui/CachedFontProvider/Include,../../../../Gui/DependencySystem/Include);
                GCC_PREPROCESSOR_DEFINITIONS = ("NS_BUILD","NS_CONFIG=Release","NS_VERSION=2.2.6","NS_APP_FRAMEWORK","$(inherited)");
                LIBRARY_SEARCH_PATHS = ();
                OTHER_LDFLAGS = ();
                STRIP_STYLE = all;
                CONFIGURATION_BUILD_DIR = "$(PROJECT_DIR)/../../../../../../Bin/osx";
                CONFIGURATION_TEMP_DIR = "$(PROJECT_DIR)/build/$(CONFIGURATION)";
                USE_HEADERMAP = NO;
            };
            name = Release;
        };
        F61E5816137741F583E94127 = {
            isa = XCBuildConfiguration;
            buildSettings = {
                PRODUCT_BUNDLE_IDENTIFIER = "com.noesisengine.${PRODUCT_NAME:rfc1034identifier}";
                PRODUCT_NAME = "$(TARGET_NAME)";
                CURRENT_PROJECT_VERSION = 2.2.6;
                DYLIB_COMPATIBILITY_VERSION = "$(CURRENT_PROJECT_VERSION)";
                DYLIB_CURRENT_VERSION = "$(CURRENT_PROJECT_VERSION)";
                GCC_INPUT_FILETYPE = "sourcecode.cpp.objcpp";
                ASSETCATALOG_COMPILER_APPICON_NAME = AppIcon;
                CODE_SIGN_IDENTITY = "-";
                INFOPLIST_FILE = "$(PROJECT_DIR)/info.plist";
                LD_RUNPATH_SEARCH_PATHS = "@executable_path/../../../ @executable_path/../Frameworks/";
            };
            name = Release;
        };
        8B10CCFFD9EB4A6BABDFE1DF = {
            isa = XCBuildConfiguration;
            baseConfigurationReference = 46E67BD859FB4102AE929EE0;
            buildSettings = {
                SDKROOT = macosx;
                MACOSX_DEPLOYMENT_TARGET = 10.7;
                HEADER_SEARCH_PATHS = (../../../../Core/NSTL/Include,../../../../Math/Utils/Include,../../../../Math/VectorMath/Include,../../../../App/Providers/Include,../../../../../../3rdParty/EASTL/local/include,../../../../Samples/Menu3D/Include,../../../../Drawing/Types/Include,../../../../App/Interactivity/Include,../../../../Core/TypeConverter/Include,../../../../App/Display/Include,../../../../App/Launcher/Include,../../../../Core/Nullable/Include,../../../../Gui/Core/Include,../../../../Gui/Animation/Include,../../../../../../Include,../../../../App/ApplicationLauncher/Include,../../../../Gui/Providers/Include,../../../../App/DisplayLauncher/Include,../../../../Core/Kernel/Include,../../../../Gui/CachedFontProvider/Include,../../../../Gui/DependencySystem/Include);
                GCC_PREPROCESSOR_DEFINITIONS = ("NS_BUILD","NS_CONFIG=Profile","NS_VERSION=2.2.6","NS_APP_FRAMEWORK","NS_PROFILE","NS_MINIMUM_LOG_LEVEL=2","$(inherited)");
                LIBRARY_SEARCH_PATHS = ();
                OTHER_LDFLAGS = ();
                STRIP_STYLE = all;
                CONFIGURATION_BUILD_DIR = "$(PROJECT_DIR)/../../../../../../Bin/osx";
                CONFIGURATION_TEMP_DIR = "$(PROJECT_DIR)/build/$(CONFIGURATION)";
                USE_HEADERMAP = NO;
            };
            name = Profile;
        };
        BDEABCA25F734FA7854BC786 = {
            isa = XCBuildConfiguration;
            buildSettings = {
                PRODUCT_BUNDLE_IDENTIFIER = "com.noesisengine.${PRODUCT_NAME:rfc1034identifier}";
                PRODUCT_NAME = "$(TARGET_NAME)";
                CURRENT_PROJECT_VERSION = 2.2.6;
                DYLIB_COMPATIBILITY_VERSION = "$(CURRENT_PROJECT_VERSION)";
                DYLIB_CURRENT_VERSION = "$(CURRENT_PROJECT_VERSION)";
                GCC_INPUT_FILETYPE = "sourcecode.cpp.objcpp";
                ASSETCATALOG_COMPILER_APPICON_NAME = AppIcon;
                CODE_SIGN_IDENTITY = "-";
                INFOPLIST_FILE = "$(PROJECT_DIR)/info.plist";
                LD_RUNPATH_SEARCH_PATHS = "@executable_path/../../../ @executable_path/../Frameworks/";
            };
            name = Profile;
        };
        45A31FBB220D4EB5BCC57D16 = {
            isa = XCBuildConfiguration;
            baseConfigurationReference = 17A734C867184E9293BC38E3;
            buildSettings = {
                SDKROOT = macosx;
                MACOSX_DEPLOYMENT_TARGET = 10.7;
                HEADER_SEARCH_PATHS = (../../../../Core/NSTL/Include,../../../../Math/Utils/Include,../../../../Math/VectorMath/Include,../../../../App/Providers/Include,../../../../../../3rdParty/EASTL/local/include,../../../../Samples/Menu3D/Include,../../../../Drawing/Types/Include,../../../../App/Interactivity/Include,../../../../Core/TypeConverter/Include,../../../../App/Display/Include,../../../../App/Launcher/Include,../../../../Core/Nullable/Include,../../../../Gui/Core/Include,../../../../Gui/Animation/Include,../../../../../../Include,../../../../App/ApplicationLauncher/Include,../../../../Gui/Providers/Include,../../../../App/DisplayLauncher/Include,../../../../Core/Kernel/Include,../../../../Gui/CachedFontProvider/Include,../../../../Gui/DependencySystem/Include);
                GCC_PREPROCESSOR_DEFINITIONS = ("NS_BUILD","NS_CONFIG=Debug","NS_VERSION=2.2.6","NS_APP_FRAMEWORK","NS_DEBUG","NS_PROFILE","NS_MINIMUM_LOG_LEVEL=1","$(inherited)");
                LIBRARY_SEARCH_PATHS = ();
                OTHER_LDFLAGS = ();
                STRIP_STYLE = all;
                CONFIGURATION_BUILD_DIR = "$(PROJECT_DIR)/../../../../../../Bin/osx";
                CONFIGURATION_TEMP_DIR = "$(PROJECT_DIR)/build/$(CONFIGURATION)";
                USE_HEADERMAP = NO;
            };
            name = Debug;
        };
        3CFACAF9489444FBB793A957 = {
            isa = XCBuildConfiguration;
            buildSettings = {
                PRODUCT_BUNDLE_IDENTIFIER = "com.noesisengine.${PRODUCT_NAME:rfc1034identifier}";
                PRODUCT_NAME = "$(TARGET_NAME)";
                CURRENT_PROJECT_VERSION = 2.2.6;
                DYLIB_COMPATIBILITY_VERSION = "$(CURRENT_PROJECT_VERSION)";
                DYLIB_CURRENT_VERSION = "$(CURRENT_PROJECT_VERSION)";
                GCC_INPUT_FILETYPE = "sourcecode.cpp.objcpp";
                ASSETCATALOG_COMPILER_APPICON_NAME = AppIcon;
                CODE_SIGN_IDENTITY = "-";
                INFOPLIST_FILE = "$(PROJECT_DIR)/info.plist";
                LD_RUNPATH_SEARCH_PATHS = "@executable_path/../../../ @executable_path/../Frameworks/";
            };
            name = Debug;
        };
/* End XCBuildConfiguration section */

/* Begin XCConfigurationList section */
        FD6F7AA6167341A88AE1D45A = {
            isa = XCConfigurationList;
            buildConfigurations = (46E51A34BE4D4C598656B70A,8B10CCFFD9EB4A6BABDFE1DF,45A31FBB220D4EB5BCC57D16);
            defaultConfigurationIsVisible = 0;
            defaultConfigurationName = Release;
        };

        B749C40A7F77414F89AC4EE1 = {
            isa = XCConfigurationList;
            buildConfigurations = (F61E5816137741F583E94127,BDEABCA25F734FA7854BC786,3CFACAF9489444FBB793A957);
            defaultConfigurationIsVisible = 0;
            defaultConfigurationName = Release;
        };
/* End XCConfigurationList section */
    };
    rootObject = 0EE269DC4C774DBEB8635FFF;
}
