// !$*UTF8*$!
{
    archiveVersion = 1;
    classes = {};
    objectVersion = 46;
    objects = {

/* Begin PBXBuildFile section */
        4DF580B907184D58A6B00A9D /* App.xaml in Sources */ = {isa = PBXBuildFile; fileRef = 02E75326106949BAB78013BD /* App.xaml */; };
        B413E832771845EEB25A140A /* MainWindow.xaml in Sources */ = {isa = PBXBuildFile; fileRef = E6482599781F4619BD5C1529 /* MainWindow.xaml */; };
        BB021AADEBC0497C8522A8C8 /* MenuResources.xaml in Sources */ = {isa = PBXBuildFile; fileRef = 0B5F2C796A524A009556E5EF /* MenuResources.xaml */; };
        930ACAF94EBC449982FE0534 /* MenuDescription.xaml in Sources */ = {isa = PBXBuildFile; fileRef = AC975100E98647939640E093 /* MenuDescription.xaml */; };
        49E41F637DD8454DA0A81923 /* MainMenu.xaml in Sources */ = {isa = PBXBuildFile; fileRef = B88C4A1240744936A2B21226 /* MainMenu.xaml */; };
        12494C433CAB4D73A9045D30 /* StartMenu.xaml in Sources */ = {isa = PBXBuildFile; fileRef = 522BE3403B8D419C92A43B1B /* StartMenu.xaml */; };
        D278EC2060854078B6404D64 /* SettingsMenu.xaml in Sources */ = {isa = PBXBuildFile; fileRef = 8EF7BC7BD9FE4BD9A5B15120 /* SettingsMenu.xaml */; };
        E8CCC6036A164A128AFEE79B /* OptionSelector.xaml in Sources */ = {isa = PBXBuildFile; fileRef = D492C4540FE74432B90E9E35 /* OptionSelector.xaml */; };
        D6BBE8F042EB41A38F7302F8 /* BackClouds.png in Sources */ = {isa = PBXBuildFile; fileRef = 6535BEF924664EE9B76A736C /* BackClouds.png */; };
        5BA4A0217B814481BB5C3E6E /* FrontClouds.png in Sources */ = {isa = PBXBuildFile; fileRef = 9BA28AF6E37D4BD581630AF6 /* FrontClouds.png */; };
        337E8A73D8134155BE06BCD9 /* FrontTrees.png in Sources */ = {isa = PBXBuildFile; fileRef = EE8291AF4BB342A4AEEA237E /* FrontTrees.png */; };
        8591EB9BF6264882A20BEB72 /* LakeAndMountains.png in Sources */ = {isa = PBXBuildFile; fileRef = 23F7FF40DCD74145B6BE9F98 /* LakeAndMountains.png */; };
        7091969EE4C94F7B9C8EF207 /* SkyAndSun.jpg in Sources */ = {isa = PBXBuildFile; fileRef = 352F945966144D92AEB2848D /* SkyAndSun.jpg */; };
        E78168249D784ECFA59914C9 /* weblysleekuisb.ttf in Sources */ = {isa = PBXBuildFile; fileRef = 1805D4A623104F76BF602814 /* weblysleekuisb.ttf */; };
        6E4AE9BB26624C1FB166CDFE /* weblysleekuisl.ttf in Sources */ = {isa = PBXBuildFile; fileRef = B8CF8F0A042241089D96F769 /* weblysleekuisl.ttf */; };
        E08F7BB285A9459BA31CD929 /* SoundTrack.mp3 in Sources */ = {isa = PBXBuildFile; fileRef = 5824444035FA47BB891BE0E9 /* SoundTrack.mp3 */; };
        8EE123B8E1C241E3BE36F9C4 /* WaterDropBig.mp3 in Sources */ = {isa = PBXBuildFile; fileRef = 5989D80F2C644C23BD27DE36 /* WaterDropBig.mp3 */; };
        BB5B86A412274D749C2C07E3 /* WaterDropSmall.mp3 in Sources */ = {isa = PBXBuildFile; fileRef = 6DC9524483C64127A7889847 /* WaterDropSmall.mp3 */; };
        9FFB909009264E14B98DE039 /* OptionSelector.xaml.cpp in Sources */ = {isa = PBXBuildFile; fileRef = 4AA21FAD3EA444CEB7862668 /* OptionSelector.xaml.cpp */; };
        A3F6D56BE1CE474A945E5FD1 /* App.xaml.cpp in Sources */ = {isa = PBXBuildFile; fileRef = BC7DD1FED0DE45ABB2627639 /* App.xaml.cpp */; };
        3C7C63D423C947B3A26CF374 /* ViewModel.cpp in Sources */ = {isa = PBXBuildFile; fileRef = DDA3CC583D854DDA998BB824 /* ViewModel.cpp */; };
        707E34C9EE8F41BD87BC4290 /* StartMenu.xaml.cpp in Sources */ = {isa = PBXBuildFile; fileRef = F9EF76296B61445C922F5237 /* StartMenu.xaml.cpp */; };
        8C1F9D8DD80D4B5483A29DC3 /* MultiplierConverter.cpp in Sources */ = {isa = PBXBuildFile; fileRef = 6300A1BF3A414D53BFD9B528 /* MultiplierConverter.cpp */; };
        184B979BE1F74EDEB34CC910 /* MainMenu.xaml.cpp in Sources */ = {isa = PBXBuildFile; fileRef = 0EEA5FAD4E2A4034A5923E35 /* MainMenu.xaml.cpp */; };
        420E07AEDF0E40BF9A7720A1 /* MenuDescription.xaml.cpp in Sources */ = {isa = PBXBuildFile; fileRef = 348CC301B65B4555A7F4D44B /* MenuDescription.xaml.cpp */; };
        6108E2EA6F2049DD88117F39 /* SettingsMenu.xaml.cpp in Sources */ = {isa = PBXBuildFile; fileRef = 5BD1B3E7C4DE4FEE9B6F4A20 /* SettingsMenu.xaml.cpp */; };
        FC033369F70D4C729675FF57 /* Main.cpp in Sources */ = {isa = PBXBuildFile; fileRef = D314A726041E4359802B7F59 /* Main.cpp */; };
        A076AB32B61844C59D366B18 /* MainWindow.xaml.cpp in Sources */ = {isa = PBXBuildFile; fileRef = 3DDA95656D514592BE9549A8 /* MainWindow.xaml.cpp */; };
        C5D51260C3C44810A115E3EE /* LaunchScreen.storyboard in Resources */ = {isa = PBXBuildFile; fileRef = 0CC4719ED0904E88929970BD /* LaunchScreen.storyboard */; };
        02C54E8A088049B78AB48788 /* Assets.xcassets in Resources */ = {isa = PBXBuildFile; fileRef = F94D835D1F7A4E72A2C4BFB2 /* Assets.xcassets */; };
        C56B1BE406534DA385C47D43 /* CoreGraphics.framework in Frameworks */ = {isa = PBXBuildFile; fileRef = 582A55CE531540108BE65251 /* CoreGraphics.framework */; };
        AAC9B6BE4FBF4D3496573AE1 /* UIKit.framework in Frameworks */ = {isa = PBXBuildFile; fileRef = 7FE319CC055345EE82AE83A1 /* UIKit.framework */; };
        737E09933D8D4D5299AABAF8 /* OpenGLES.framework in Frameworks */ = {isa = PBXBuildFile; fileRef = 6F3859B7DA0748C7836C3269 /* OpenGLES.framework */; };
        82E91205A97748508B6A6795 /* AudioToolbox.framework in Frameworks */ = {isa = PBXBuildFile; fileRef = 9A50A650A02B4D9E9FA198B6 /* AudioToolbox.framework */; };
        B594A3BAF37043A7BE675FFF /* CoreFoundation.framework in Frameworks */ = {isa = PBXBuildFile; fileRef = F71562FF534F435FBB4FDF96 /* CoreFoundation.framework */; };
        01552FC68B3B4EBD8FC66F17 /* CoreText.framework in Frameworks */ = {isa = PBXBuildFile; fileRef = 1C1ABB3F6E4441C3A78A11C0 /* CoreText.framework */; };
        826BF996670A476C94F4051F /* QuartzCore.framework in Frameworks */ = {isa = PBXBuildFile; fileRef = 47031FFD9AE64C6C87640EC5 /* QuartzCore.framework */; };
        6447B75CB6F54CA0A18DBA79 /* AVFoundation.framework in Frameworks */ = {isa = PBXBuildFile; fileRef = 0A54EF0D99404C6B92792560 /* AVFoundation.framework */; };
        7A77C9F57885480394971BAD /* libNoesis.a in Frameworks */ = {isa = PBXBuildFile; fileRef = 6E01CD03CA7445CAAC5A10B5 /* libNoesis.a */; };
        97B77F2FF8CA4A32A591FA82 /* libNoesisApp.a in Frameworks */ = {isa = PBXBuildFile; fileRef = 103FF5E6E1954279B8FD73EB /* libNoesisApp.a */; };
/* End PBXBuildFile section */

/* Begin PBXFileReference section */
        92E3D4A8B9334A7B9FA16F15 /* Samples.Menu3D.app */ = {isa = PBXFileReference; explicitFileType = wrapper.application; includeInIndex = 0; path = Samples.Menu3D.app; sourceTree = BUILT_PRODUCTS_DIR; };
        582A55CE531540108BE65251 /* CoreGraphics.framework */ = {isa = PBXFileReference; lastKnownFileType = wrapper.framework; name = "CoreGraphics.framework"; path = "System/Library/Frameworks/CoreGraphics.framework"; sourceTree = SDKROOT; };
        7FE319CC055345EE82AE83A1 /* UIKit.framework */ = {isa = PBXFileReference; lastKnownFileType = wrapper.framework; name = "UIKit.framework"; path = "System/Library/Frameworks/UIKit.framework"; sourceTree = SDKROOT; };
        6F3859B7DA0748C7836C3269 /* OpenGLES.framework */ = {isa = PBXFileReference; lastKnownFileType = wrapper.framework; name = "OpenGLES.framework"; path = "System/Library/Frameworks/OpenGLES.framework"; sourceTree = SDKROOT; };
        9A50A650A02B4D9E9FA198B6 /* AudioToolbox.framework */ = {isa = PBXFileReference; lastKnownFileType = wrapper.framework; name = "AudioToolbox.framework"; path = "System/Library/Frameworks/AudioToolbox.framework"; sourceTree = SDKROOT; };
        F71562FF534F435FBB4FDF96 /* CoreFoundation.framework */ = {isa = PBXFileReference; lastKnownFileType = wrapper.framework; name = "CoreFoundation.framework"; path = "System/Library/Frameworks/CoreFoundation.framework"; sourceTree = SDKROOT; };
        1C1ABB3F6E4441C3A78A11C0 /* CoreText.framework */ = {isa = PBXFileReference; lastKnownFileType = wrapper.framework; name = "CoreText.framework"; path = "System/Library/Frameworks/CoreText.framework"; sourceTree = SDKROOT; };
        47031FFD9AE64C6C87640EC5 /* QuartzCore.framework */ = {isa = PBXFileReference; lastKnownFileType = wrapper.framework; name = "QuartzCore.framework"; path = "System/Library/Frameworks/QuartzCore.framework"; sourceTree = SDKROOT; };
        0A54EF0D99404C6B92792560 /* AVFoundation.framework */ = {isa = PBXFileReference; lastKnownFileType = wrapper.framework; name = "AVFoundation.framework"; path = "System/Library/Frameworks/AVFoundation.framework"; sourceTree = SDKROOT; };
        6E01CD03CA7445CAAC5A10B5 /* libNoesis.a */ = {isa = PBXFileReference; lastKnownFileType = archive.ar; name = "libNoesis.a"; path = "../../../../../../Lib/ios/libNoesis.a"; sourceTree = SOURCE_ROOT; };
        103FF5E6E1954279B8FD73EB /* libNoesisApp.a */ = {isa = PBXFileReference; lastKnownFileType = archive.ar; name = "libNoesisApp.a"; path = "../../../../../../Lib/ios/libNoesisApp.a"; sourceTree = SOURCE_ROOT; };
        6169F6F3881E4B5D90A4EF30 /* Common.xcconfig */ = {isa = PBXFileReference; lastKnownFileType = text.xcconfig; name = "Common.xcconfig"; path = "../../../../../../Config/Common.xcconfig"; sourceTree = SOURCE_ROOT; };
        2BB61F14739D49A19A534D97 /* Release.xcconfig */ = {isa = PBXFileReference; lastKnownFileType = text.xcconfig; name = "Release.xcconfig"; path = "../../../../../../Config/Release/Release.xcconfig"; sourceTree = SOURCE_ROOT; };
        7C61E03F55B346A2900B47DC /* Profile.xcconfig */ = {isa = PBXFileReference; lastKnownFileType = text.xcconfig; name = "Profile.xcconfig"; path = "../../../../../../Config/Profile/Profile.xcconfig"; sourceTree = SOURCE_ROOT; };
        43C52E28B72D488A8BF4D3C4 /* Debug.xcconfig */ = {isa = PBXFileReference; lastKnownFileType = text.xcconfig; name = "Debug.xcconfig"; path = "../../../../../../Config/Debug/Debug.xcconfig"; sourceTree = SOURCE_ROOT; };
        4AA21FAD3EA444CEB7862668 /* OptionSelector.xaml.cpp */ = {isa = PBXFileReference; lastKnownFileType = sourcecode.cpp.cpp; name = "OptionSelector.xaml.cpp"; path = "../../Src/OptionSelector.xaml.cpp"; sourceTree = SOURCE_ROOT; };
        BC7DD1FED0DE45ABB2627639 /* App.xaml.cpp */ = {isa = PBXFileReference; lastKnownFileType = sourcecode.cpp.cpp; name = "App.xaml.cpp"; path = "../../Src/App.xaml.cpp"; sourceTree = SOURCE_ROOT; };
        4D0E403992D64B7981C75FD3 /* MainMenu.xaml.h */ = {isa = PBXFileReference; lastKnownFileType = sourcecode.c.h; name = "MainMenu.xaml.h"; path = "../../Src/MainMenu.xaml.h"; sourceTree = SOURCE_ROOT; };
        C8D6C721A66742D5B9A141BE /* StartMenu.xaml.h */ = {isa = PBXFileReference; lastKnownFileType = sourcecode.c.h; name = "StartMenu.xaml.h"; path = "../../Src/StartMenu.xaml.h"; sourceTree = SOURCE_ROOT; };
        0C3E2CC5E4D543419F463657 /* App.xaml.h */ = {isa = PBXFileReference; lastKnownFileType = sourcecode.c.h; name = "App.xaml.h"; path = "../../Src/App.xaml.h"; sourceTree = SOURCE_ROOT; };
        2B8E5C41A12F41C08593FEF6 /* ViewModel.h */ = {isa = PBXFileReference; lastKnownFileType = sourcecode.c.h; name = "ViewModel.h"; path = "../../Src/ViewModel.h"; sourceTree = SOURCE_ROOT; };
        4C736979562348D197F4FE54 /* MultiplierConverter.h */ = {isa = PBXFileReference; lastKnownFileType = sourcecode.c.h; name = "MultiplierConverter.h"; path = "../../Src/MultiplierConverter.h"; sourceTree = SOURCE_ROOT; };
        DDA3CC583D854DDA998BB824 /* ViewModel.cpp */ = {isa = PBXFileReference; lastKnownFileType = sourcecode.cpp.cpp; name = "ViewModel.cpp"; path = "../../Src/ViewModel.cpp"; sourceTree = SOURCE_ROOT; };
        F9EF76296B61445C922F5237 /* StartMenu.xaml.cpp */ = {isa = PBXFileReference; lastKnownFileType = sourcecode.cpp.cpp; name = "StartMenu.xaml.cpp"; path = "../../Src/StartMenu.xaml.cpp"; sourceTree = SOURCE_ROOT; };
        392FA346012B424392773519 /* MainWindow.xaml.h */ = {isa = PBXFileReference; lastKnownFileType = sourcecode.c.h; name = "MainWindow.xaml.h"; path = "../../Src/MainWindow.xaml.h"; sourceTree = SOURCE_ROOT; };
        6300A1BF3A414D53BFD9B528 /* MultiplierConverter.cpp */ = {isa = PBXFileReference; lastKnownFileType = sourcecode.cpp.cpp; name = "MultiplierConverter.cpp"; path = "../../Src/MultiplierConverter.cpp"; sourceTree = SOURCE_ROOT; };
        0EEA5FAD4E2A4034A5923E35 /* MainMenu.xaml.cpp */ = {isa = PBXFileReference; lastKnownFileType = sourcecode.cpp.cpp; name = "MainMenu.xaml.cpp"; path = "../../Src/MainMenu.xaml.cpp"; sourceTree = SOURCE_ROOT; };
        432799EDA28241BCAF9EAE4F /* SettingsMenu.xaml.h */ = {isa = PBXFileReference; lastKnownFileType = sourcecode.c.h; name = "SettingsMenu.xaml.h"; path = "../../Src/SettingsMenu.xaml.h"; sourceTree = SOURCE_ROOT; };
        468D5F1B626A4D35A3E191BF /* MenuDescription.xaml.h */ = {isa = PBXFileReference; lastKnownFileType = sourcecode.c.h; name = "MenuDescription.xaml.h"; path = "../../Src/MenuDescription.xaml.h"; sourceTree = SOURCE_ROOT; };
        348CC301B65B4555A7F4D44B /* MenuDescription.xaml.cpp */ = {isa = PBXFileReference; lastKnownFileType = sourcecode.cpp.cpp; name = "MenuDescription.xaml.cpp"; path = "../../Src/MenuDescription.xaml.cpp"; sourceTree = SOURCE_ROOT; };
        5BD1B3E7C4DE4FEE9B6F4A20 /* SettingsMenu.xaml.cpp */ = {isa = PBXFileReference; lastKnownFileType = sourcecode.cpp.cpp; name = "SettingsMenu.xaml.cpp"; path = "../../Src/SettingsMenu.xaml.cpp"; sourceTree = SOURCE_ROOT; };
        D314A726041E4359802B7F59 /* Main.cpp */ = {isa = PBXFileReference; lastKnownFileType = sourcecode.cpp.cpp; name = "Main.cpp"; path = "../../Src/Main.cpp"; sourceTree = SOURCE_ROOT; };
        603EB7F4A3704EC488ADFDE4 /* OptionSelector.xaml.h */ = {isa = PBXFileReference; lastKnownFileType = sourcecode.c.h; name = "OptionSelector.xaml.h"; path = "../../Src/OptionSelector.xaml.h"; sourceTree = SOURCE_ROOT; };
        3DDA95656D514592BE9549A8 /* MainWindow.xaml.cpp */ = {isa = PBXFileReference; lastKnownFileType = sourcecode.cpp.cpp; name = "MainWindow.xaml.cpp"; path = "../../Src/MainWindow.xaml.cpp"; sourceTree = SOURCE_ROOT; };
        02E75326106949BAB78013BD /* App.xaml */ = {isa = PBXFileReference; lastKnownFileType = file; name = "App.xaml"; path = "../../Data/App.xaml"; sourceTree = SOURCE_ROOT; };
        E6482599781F4619BD5C1529 /* MainWindow.xaml */ = {isa = PBXFileReference; lastKnownFileType = file; name = "MainWindow.xaml"; path = "../../Data/MainWindow.xaml"; sourceTree = SOURCE_ROOT; };
        0B5F2C796A524A009556E5EF /* MenuResources.xaml */ = {isa = PBXFileReference; lastKnownFileType = file; name = "MenuResources.xaml"; path = "../../Data/MenuResources.xaml"; sourceTree = SOURCE_ROOT; };
        AC975100E98647939640E093 /* MenuDescription.xaml */ = {isa = PBXFileReference; lastKnownFileType = file; name = "MenuDescription.xaml"; path = "../../Data/MenuDescription.xaml"; sourceTree = SOURCE_ROOT; };
        B88C4A1240744936A2B21226 /* MainMenu.xaml */ = {isa = PBXFileReference; lastKnownFileType = file; name = "MainMenu.xaml"; path = "../../Data/MainMenu.xaml"; sourceTree = SOURCE_ROOT; };
        522BE3403B8D419C92A43B1B /* StartMenu.xaml */ = {isa = PBXFileReference; lastKnownFileType = file; name = "StartMenu.xaml"; path = "../../Data/StartMenu.xaml"; sourceTree = SOURCE_ROOT; };
        8EF7BC7BD9FE4BD9A5B15120 /* SettingsMenu.xaml */ = {isa = PBXFileReference; lastKnownFileType = file; name = "SettingsMenu.xaml"; path = "../../Data/SettingsMenu.xaml"; sourceTree = SOURCE_ROOT; };
        D492C4540FE74432B90E9E35 /* OptionSelector.xaml */ = {isa = PBXFileReference; lastKnownFileType = file; name = "OptionSelector.xaml"; path = "../../Data/OptionSelector.xaml"; sourceTree = SOURCE_ROOT; };
        6535BEF924664EE9B76A736C /* BackClouds.png */ = {isa = PBXFileReference; lastKnownFileType = file; name = "BackClouds.png"; path = "../../Data/Images/BackClouds.png"; sourceTree = SOURCE_ROOT; };
        9BA28AF6E37D4BD581630AF6 /* FrontClouds.png */ = {isa = PBXFileReference; lastKnownFileType = file; name = "FrontClouds.png"; path = "../../Data/Images/FrontClouds.png"; sourceTree = SOURCE_ROOT; };
        EE8291AF4BB342A4AEEA237E /* FrontTrees.png */ = {isa = PBXFileReference; lastKnownFileType = file; name = "FrontTrees.png"; path = "../../Data/Images/FrontTrees.png"; sourceTree = SOURCE_ROOT; };
        23F7FF40DCD74145B6BE9F98 /* LakeAndMountains.png */ = {isa = PBXFileReference; lastKnownFileType = file; name = "LakeAndMountains.png"; path = "../../Data/Images/LakeAndMountains.png"; sourceTree = SOURCE_ROOT; };
        352F945966144D92AEB2848D /* SkyAndSun.jpg */ = {isa = PBXFileReference; lastKnownFileType = file; name = "SkyAndSun.jpg"; path = "../../Data/Images/SkyAndSun.jpg"; sourceTree = SOURCE_ROOT; };
        1805D4A623104F76BF602814 /* weblysleekuisb.ttf */ = {isa = PBXFileReference; lastKnownFileType = file; name = "weblysleekuisb.ttf"; path = "../../Data/Fonts/weblysleekuisb.ttf"; sourceTree = SOURCE_ROOT; };
        B8CF8F0A042241089D96F769 /* weblysleekuisl.ttf */ = {isa = PBXFileReference; lastKnownFileType = file; name = "weblysleekuisl.ttf"; path = "../../Data/Fonts/weblysleekuisl.ttf"; sourceTree = SOURCE_ROOT; };
        5824444035FA47BB891BE0E9 /* SoundTrack.mp3 */ = {isa = PBXFileReference; lastKnownFileType = file; name = "SoundTrack.mp3"; path = "../../Data/Sounds/SoundTrack.mp3"; sourceTree = SOURCE_ROOT; };
        5989D80F2C644C23BD27DE36 /* WaterDropBig.mp3 */ = {isa = PBXFileReference; lastKnownFileType = file; name = "WaterDropBig.mp3"; path = "../../Data/Sounds/WaterDropBig.mp3"; sourceTree = SOURCE_ROOT; };
        6DC9524483C64127A7889847 /* WaterDropSmall.mp3 */ = {isa = PBXFileReference; lastKnownFileType = file; name = "WaterDropSmall.mp3"; path = "../../Data/Sounds/WaterDropSmall.mp3"; sourceTree = SOURCE_ROOT; };
        D9D321D62DB0497D9D1C28CD /* info.plist */ = {isa = PBXFileReference; lastKnownFileType = text.plist.xml; name = "info.plist"; path = "info.plist"; sourceTree = SOURCE_ROOT; };
        0CC4719ED0904E88929970BD /* LaunchScreen.storyboard */ = {isa = PBXFileReference; lastKnownFileType = file.storyboard; name = "LaunchScreen.storyboard"; path = "LaunchScreen.storyboard"; sourceTree = SOURCE_ROOT; };
        F94D835D1F7A4E72A2C4BFB2 /* Assets.xcassets */ = {isa = PBXFileReference; lastKnownFileType = folder.assetcatalog; name = "Assets.xcassets"; path = "Assets.xcassets"; sourceTree = SOURCE_ROOT; };
/* End PBXFileReference section */

/* Begin PBXGroup section */
        CD866A283EDD4A19B16024E0 = {
            isa = PBXGroup;
            children = (
                4AA21FAD3EA444CEB7862668,
                BC7DD1FED0DE45ABB2627639,
                4D0E403992D64B7981C75FD3,
                C8D6C721A66742D5B9A141BE,
                0C3E2CC5E4D543419F463657,
                2B8E5C41A12F41C08593FEF6,
                4C736979562348D197F4FE54,
                DDA3CC583D854DDA998BB824,
                F9EF76296B61445C922F5237,
                392FA346012B424392773519,
                6300A1BF3A414D53BFD9B528,
                0EEA5FAD4E2A4034A5923E35,
                432799EDA28241BCAF9EAE4F,
                468D5F1B626A4D35A3E191BF,
                348CC301B65B4555A7F4D44B,
                5BD1B3E7C4DE4FEE9B6F4A20,
                D314A726041E4359802B7F59,
                603EB7F4A3704EC488ADFDE4,
                3DDA95656D514592BE9549A8,
            );
            name = Src;
            sourceTree = "<group>";
        };
        30095ED5D14E46518D5389B2 = {
            isa = PBXGroup;
            children = (
                02E75326106949BAB78013BD,
                E6482599781F4619BD5C1529,
                0B5F2C796A524A009556E5EF,
                AC975100E98647939640E093,
                B88C4A1240744936A2B21226,
                522BE3403B8D419C92A43B1B,
                8EF7BC7BD9FE4BD9A5B15120,
                D492C4540FE74432B90E9E35,
                6535BEF924664EE9B76A736C,
                9BA28AF6E37D4BD581630AF6,
                EE8291AF4BB342A4AEEA237E,
                23F7FF40DCD74145B6BE9F98,
                352F945966144D92AEB2848D,
                1805D4A623104F76BF602814,
                B8CF8F0A042241089D96F769,
                5824444035FA47BB891BE0E9,
                5989D80F2C644C23BD27DE36,
                6DC9524483C64127A7889847,
            );
            name = Data;
            sourceTree = "<group>";
        };
        8F98BF9F8CEC405D91663356 = {
            isa = PBXGroup;
            children = (
                D9D321D62DB0497D9D1C28CD,
                0CC4719ED0904E88929970BD,
                F94D835D1F7A4E72A2C4BFB2,
            );
            name = Resources;
            sourceTree = "<group>";
        };
        2DF796B07D004520AAF9A09F = {
            isa = PBXGroup;
            children = (
                2BB61F14739D49A19A534D97,
                7C61E03F55B346A2900B47DC,
                6169F6F3881E4B5D90A4EF30,
                43C52E28B72D488A8BF4D3C4,
            );
            name = Config;
            sourceTree = "<group>";
        };
        DC2CBB11D42C43EC9CB3A6D7 = {
            isa = PBXGroup;
            children = (
                92E3D4A8B9334A7B9FA16F15,
            );
            name = Products;
            sourceTree = "<group>";
        };
        4F6D68E6259A4F899C48BAB6 = {
            isa = PBXGroup;
            children = (
                582A55CE531540108BE65251,
                7FE319CC055345EE82AE83A1,
                6F3859B7DA0748C7836C3269,
                9A50A650A02B4D9E9FA198B6,
                F71562FF534F435FBB4FDF96,
                1C1ABB3F6E4441C3A78A11C0,
                47031FFD9AE64C6C87640EC5,
                0A54EF0D99404C6B92792560,
                6E01CD03CA7445CAAC5A10B5,
                103FF5E6E1954279B8FD73EB,
            );
            name = Dependencies;
            sourceTree = "<group>";
        };
        05CB673815B5410B95E95B15 = {
            isa = PBXGroup;
            children = (
                CD866A283EDD4A19B16024E0,
                30095ED5D14E46518D5389B2,
                8F98BF9F8CEC405D91663356,
                2DF796B07D004520AAF9A09F,
                DC2CBB11D42C43EC9CB3A6D7,
                4F6D68E6259A4F899C48BAB6,
                6DC82629EAA647EAB4E409BF,
            );
            sourceTree = "<group>";
        };
/* End PBXGroup section */

/* Begin PBXSourcesBuildPhase section */
        C048CACD21384CCB848A24CF = {
            isa = PBXSourcesBuildPhase;
            buildActionMask = 2147483647;
            files = (
                4DF580B907184D58A6B00A9D,
                B413E832771845EEB25A140A,
                BB021AADEBC0497C8522A8C8,
                930ACAF94EBC449982FE0534,
                49E41F637DD8454DA0A81923,
                12494C433CAB4D73A9045D30,
                D278EC2060854078B6404D64,
                E8CCC6036A164A128AFEE79B,
                D6BBE8F042EB41A38F7302F8,
                5BA4A0217B814481BB5C3E6E,
                337E8A73D8134155BE06BCD9,
                8591EB9BF6264882A20BEB72,
                7091969EE4C94F7B9C8EF207,
                E78168249D784ECFA59914C9,
                6E4AE9BB26624C1FB166CDFE,
                E08F7BB285A9459BA31CD929,
                8EE123B8E1C241E3BE36F9C4,
                BB5B86A412274D749C2C07E3,
                9FFB909009264E14B98DE039,
                A3F6D56BE1CE474A945E5FD1,
                3C7C63D423C947B3A26CF374,
                707E34C9EE8F41BD87BC4290,
                8C1F9D8DD80D4B5483A29DC3,
                184B979BE1F74EDEB34CC910,
                420E07AEDF0E40BF9A7720A1,
                6108E2EA6F2049DD88117F39,
                FC033369F70D4C729675FF57,
                A076AB32B61844C59D366B18,
            );
            runOnlyForDeploymentPostprocessing = 0;
        };
/* End PBXSourcesBuildPhase section */

/* Begin PBXBuildRule section */
        F7A189151F434E78817B73F9 = {
            isa = PBXBuildRule;
            compilerSpec = com.apple.compilers.proxy.script;
            filePatterns = "*.xaml *.png *.mp3 *.ttf *.jpg";
            fileType = pattern.proxy;
            isEditable = 0;
            outputFiles = (
                "${DERIVED_FILE_DIR}/${INPUT_FILE_NAME}.bin.h"
            );
            runOncePerArchitecture = 0;
            script = "../../../../../Tools/Bin2h/bin2h.py \"${INPUT_FILE_PATH}\" > \"${DERIVED_SOURCES_DIR}/${INPUT_FILE_NAME}.bin.h\"";
        };
/* End PBXBuildRule section */

/* Begin PBXFrameworksBuildPhase section */
        56FF552D3E20404F87BFCC00 = {
            isa = PBXFrameworksBuildPhase;
            buildActionMask = 2147483647;
            files = (
                C56B1BE406534DA385C47D43,
                AAC9B6BE4FBF4D3496573AE1,
                737E09933D8D4D5299AABAF8,
                82E91205A97748508B6A6795,
                B594A3BAF37043A7BE675FFF,
                01552FC68B3B4EBD8FC66F17,
                826BF996670A476C94F4051F,
                6447B75CB6F54CA0A18DBA79,
                7A77C9F57885480394971BAD,
                97B77F2FF8CA4A32A591FA82,
            );
            runOnlyForDeploymentPostprocessing = 0;
        };
/* End PBXFrameworksBuildPhase section */

/* Begin PBXResourcesBuildPhase section */
        B9305D5369B54E028BF19A0C = {
            isa = PBXResourcesBuildPhase;
            buildActionMask = 2147483647;
            files = (
                C5D51260C3C44810A115E3EE,
                02C54E8A088049B78AB48788,
            );
            runOnlyForDeploymentPostprocessing = 0;
        };
/* End PBXResourcesBuildPhase section */

/* Begin PBXCopyFilesBuildPhase section */
        FFF71DE909774EC5B7D67411 = {
            isa = PBXCopyFilesBuildPhase;
            buildActionMask = 2147483647;
            dstPath = "";
            dstSubfolderSpec = 10;
            files = (
            );
            runOnlyForDeploymentPostprocessing = 0;
        };
/* End PBXCopyFilesBuildPhase section */

/* Begin PBXNativeTarget section */
        94442B5DFF6839C19286C6A0 = {
            isa = PBXNativeTarget;
            buildConfigurationList = F6ED161D00A1401FA653A190;
            buildPhases = (
                C048CACD21384CCB848A24CF,
                56FF552D3E20404F87BFCC00,
                B9305D5369B54E028BF19A0C,
                FFF71DE909774EC5B7D67411,
            );
            buildRules = (
                F7A189151F434E78817B73F9,
            );
            dependencies = ();
            name = Samples.Menu3D;
            productName = Samples.Menu3D;
            productReference = 92E3D4A8B9334A7B9FA16F15;
            productType = "com.apple.product-type.application";
        };
/* End PBXNativeTarget section */

/* Begin PBXProject section */
        CF05FCAAE9204CCC9050A019 = {
            isa = PBXProject;
            attributes = { LastUpgradeCheck = 9999; };
            buildConfigurationList = 53347658347749C891E5BDA0;
            compatibilityVersion = "Xcode 3.2";
            developmentRegion = en;
            hasScannedForEncodings = 0;
            knownRegions = (en, Base,);
            mainGroup = 05CB673815B5410B95E95B15;
            productRefGroup = DC2CBB11D42C43EC9CB3A6D7;
            projectDirPath = "";
            projectRoot = "";
            targets = (94442B5DFF6839C19286C6A0,);
        };
/* End PBXProject section */

/* Begin XCBuildConfiguration section */
        61CFB87C61584FECBBA2D18C = {
            isa = XCBuildConfiguration;
            baseConfigurationReference = 2BB61F14739D49A19A534D97;
            buildSettings = {
                SDKROOT = iphoneos;
                IPHONEOS_DEPLOYMENT_TARGET = 8.0;
                HEADER_SEARCH_PATHS = (../../../../Core/NSTL/Include,../../../../Math/Utils/Include,../../../../Math/VectorMath/Include,../../../../App/Providers/Include,../../../../../../3rdParty/EASTL/local/include,../../../../Samples/Menu3D/Include,../../../../Drawing/Types/Include,../../../../App/Interactivity/Include,../../../../Core/TypeConverter/Include,../../../../App/Display/Include,../../../../App/Launcher/Include,../../../../Core/Nullable/Include,../../../../Gui/Core/Include,../../../../Gui/Animation/Include,../../../../../../Include,../../../../App/ApplicationLauncher/Include,../../../../Gui/Providers/Include,../../../../App/DisplayLauncher/Include,../../../../Core/Kernel/Include,../../../../Gui/CachedFontProvider/Include,../../../../Gui/DependencySystem/Include);
                GCC_PREPROCESSOR_DEFINITIONS = ("NS_BUILD","NS_CONFIG=Release","NS_VERSION=2.2.6","NS_APP_FRAMEWORK","NS_STATIC_LIBRARY","HAVE_GLES2_GL2_H","$(inherited)");
                LIBRARY_SEARCH_PATHS = (../../../../../../Lib/ios);
                OTHER_LDFLAGS = ();
                STRIP_STYLE = all;
                CONFIGURATION_BUILD_DIR = "$(PROJECT_DIR)/../../../../../../Bin/ios";
                CONFIGURATION_TEMP_DIR = "$(PROJECT_DIR)/build/$(CONFIGURATION)";
                USE_HEADERMAP = NO;
            };
            name = Release;
        };
        3DE4FFB683D9421A931840F1 = {
            isa = XCBuildConfiguration;
            buildSettings = {
                PRODUCT_BUNDLE_IDENTIFIER = "com.noesisengine.Samples-Sample";
                PRODUCT_NAME = "$(TARGET_NAME)";
                CURRENT_PROJECT_VERSION = 2.2.6;
                DYLIB_COMPATIBILITY_VERSION = "$(CURRENT_PROJECT_VERSION)";
                DYLIB_CURRENT_VERSION = "$(CURRENT_PROJECT_VERSION)";
                GCC_INPUT_FILETYPE = "sourcecode.cpp.objcpp";
                ASSETCATALOG_COMPILER_APPICON_NAME = AppIcon;
                CODE_SIGN_STYLE = Automatic;
                CODE_SIGN_IDENTITY = "iPhone Developer";
                INFOPLIST_FILE = "$(PROJECT_DIR)/info.plist";
                TARGETED_DEVICE_FAMILY = "1,2";
            };
            name = Release;
        };
        29604677A80D41A1BBB88F5A = {
            isa = XCBuildConfiguration;
            baseConfigurationReference = 7C61E03F55B346A2900B47DC;
            buildSettings = {
                SDKROOT = iphoneos;
                IPHONEOS_DEPLOYMENT_TARGET = 8.0;
                HEADER_SEARCH_PATHS = (../../../../Core/NSTL/Include,../../../../Math/Utils/Include,../../../../Math/VectorMath/Include,../../../../App/Providers/Include,../../../../../../3rdParty/EASTL/local/include,../../../../Samples/Menu3D/Include,../../../../Drawing/Types/Include,../../../../App/Interactivity/Include,../../../../Core/TypeConverter/Include,../../../../App/Display/Include,../../../../App/Launcher/Include,../../../../Core/Nullable/Include,../../../../Gui/Core/Include,../../../../Gui/Animation/Include,../../../../../../Include,../../../../App/ApplicationLauncher/Include,../../../../Gui/Providers/Include,../../../../App/DisplayLauncher/Include,../../../../Core/Kernel/Include,../../../../Gui/CachedFontProvider/Include,../../../../Gui/DependencySystem/Include);
                GCC_PREPROCESSOR_DEFINITIONS = ("NS_BUILD","NS_CONFIG=Profile","NS_VERSION=2.2.6","NS_APP_FRAMEWORK","NS_STATIC_LIBRARY","NS_PROFILE","NS_MINIMUM_LOG_LEVEL=2","HAVE_GLES2_GL2_H","$(inherited)");
                LIBRARY_SEARCH_PATHS = (../../../../../../Lib/ios);
                OTHER_LDFLAGS = ();
                STRIP_STYLE = all;
                CONFIGURATION_BUILD_DIR = "$(PROJECT_DIR)/../../../../../../Bin/ios";
                CONFIGURATION_TEMP_DIR = "$(PROJECT_DIR)/build/$(CONFIGURATION)";
                USE_HEADERMAP = NO;
            };
            name = Profile;
        };
        4C7F198FCD5040B5A2C1BB77 = {
            isa = XCBuildConfiguration;
            buildSettings = {
                PRODUCT_BUNDLE_IDENTIFIER = "com.noesisengine.Samples-Sample";
                PRODUCT_NAME = "$(TARGET_NAME)";
                CURRENT_PROJECT_VERSION = 2.2.6;
                DYLIB_COMPATIBILITY_VERSION = "$(CURRENT_PROJECT_VERSION)";
                DYLIB_CURRENT_VERSION = "$(CURRENT_PROJECT_VERSION)";
                GCC_INPUT_FILETYPE = "sourcecode.cpp.objcpp";
                ASSETCATALOG_COMPILER_APPICON_NAME = AppIcon;
                CODE_SIGN_STYLE = Automatic;
                CODE_SIGN_IDENTITY = "iPhone Developer";
                INFOPLIST_FILE = "$(PROJECT_DIR)/info.plist";
                TARGETED_DEVICE_FAMILY = "1,2";
            };
            name = Profile;
        };
        AF8C29D143774752978375C9 = {
            isa = XCBuildConfiguration;
            baseConfigurationReference = 43C52E28B72D488A8BF4D3C4;
            buildSettings = {
                SDKROOT = iphoneos;
                IPHONEOS_DEPLOYMENT_TARGET = 8.0;
                HEADER_SEARCH_PATHS = (../../../../Core/NSTL/Include,../../../../Math/Utils/Include,../../../../Math/VectorMath/Include,../../../../App/Providers/Include,../../../../../../3rdParty/EASTL/local/include,../../../../Samples/Menu3D/Include,../../../../Drawing/Types/Include,../../../../App/Interactivity/Include,../../../../Core/TypeConverter/Include,../../../../App/Display/Include,../../../../App/Launcher/Include,../../../../Core/Nullable/Include,../../../../Gui/Core/Include,../../../../Gui/Animation/Include,../../../../../../Include,../../../../App/ApplicationLauncher/Include,../../../../Gui/Providers/Include,../../../../App/DisplayLauncher/Include,../../../../Core/Kernel/Include,../../../../Gui/CachedFontProvider/Include,../../../../Gui/DependencySystem/Include);
                GCC_PREPROCESSOR_DEFINITIONS = ("NS_BUILD","NS_CONFIG=Debug","NS_VERSION=2.2.6","NS_APP_FRAMEWORK","NS_STATIC_LIBRARY","NS_DEBUG","NS_PROFILE","NS_MINIMUM_LOG_LEVEL=1","HAVE_GLES2_GL2_H","$(inherited)");
                LIBRARY_SEARCH_PATHS = (../../../../../../Lib/ios);
                OTHER_LDFLAGS = ();
                STRIP_STYLE = all;
                CONFIGURATION_BUILD_DIR = "$(PROJECT_DIR)/../../../../../../Bin/ios";
                CONFIGURATION_TEMP_DIR = "$(PROJECT_DIR)/build/$(CONFIGURATION)";
                USE_HEADERMAP = NO;
            };
            name = Debug;
        };
        447F64D36190411F924C2793 = {
            isa = XCBuildConfiguration;
            buildSettings = {
                PRODUCT_BUNDLE_IDENTIFIER = "com.noesisengine.Samples-Sample";
                PRODUCT_NAME = "$(TARGET_NAME)";
                CURRENT_PROJECT_VERSION = 2.2.6;
                DYLIB_COMPATIBILITY_VERSION = "$(CURRENT_PROJECT_VERSION)";
                DYLIB_CURRENT_VERSION = "$(CURRENT_PROJECT_VERSION)";
                GCC_INPUT_FILETYPE = "sourcecode.cpp.objcpp";
                ASSETCATALOG_COMPILER_APPICON_NAME = AppIcon;
                CODE_SIGN_STYLE = Automatic;
                CODE_SIGN_IDENTITY = "iPhone Developer";
                INFOPLIST_FILE = "$(PROJECT_DIR)/info.plist";
                TARGETED_DEVICE_FAMILY = "1,2";
            };
            name = Debug;
        };
/* End XCBuildConfiguration section */

/* Begin XCConfigurationList section */
        53347658347749C891E5BDA0 = {
            isa = XCConfigurationList;
            buildConfigurations = (61CFB87C61584FECBBA2D18C,29604677A80D41A1BBB88F5A,AF8C29D143774752978375C9);
            defaultConfigurationIsVisible = 0;
            defaultConfigurationName = Release;
        };

        F6ED161D00A1401FA653A190 = {
            isa = XCConfigurationList;
            buildConfigurations = (3DE4FFB683D9421A931840F1,4C7F198FCD5040B5A2C1BB77,447F64D36190411F924C2793);
            defaultConfigurationIsVisible = 0;
            defaultConfigurationName = Release;
        };
/* End XCConfigurationList section */
    };
    rootObject = CF05FCAAE9204CCC9050A019;
}
